
Microsoft Visual Studio Solution File, Format Version 12.00
# Visual Studio 14
VisualStudioVersion = 14.0.25420.1
MinimumVisualStudioVersion = 10.0.40219.1
Project("{FAE04EC0-301F-11D3-BF4B-00C04F79EFBC}") = "DebitCard", "ConsoleApplication1\DebitCard.csproj", "{2ED590FF-56DF-48EB-B2BF-EBF3DDD68488}"
EndProject
Project("{FAE04EC0-301F-11D3-BF4B-00C04F79EFBC}") = "Passed", "Passed\Passed.csproj", "{A8CAE417-783D-4424-A393-5FCB90FC2C0D}"
EndProject
Project("{FAE04EC0-301F-11D3-BF4B-00C04F79EFBC}") = "RectaleArea", "RectaleArea\RectaleArea.csproj", "{A423C876-B3DB-4F56-A58B-D5179CA284C1}"
EndProject
Project("{FAE04EC0-301F-11D3-BF4B-00C04F79EFBC}") = "Miles2Km", "Miles2Km\Miles2Km.csproj", "{A4A9D371-2926-4E15-8420-CF3F093BC8D6}"
EndProject
Project("{FAE04EC0-301F-11D3-BF4B-00C04F79EFBC}") = "BeverageLabels", "BeverageLabels\BeverageLabels.csproj", "{FB9CC25F-3F2D-430B-9939-FBA37333D3E1}"
EndProject
Project("{FAE04EC0-301F-11D3-BF4B-00C04F79EFBC}") = "CharacterStats", "CharacterStats\CharacterStats.csproj", "{EA4E67F2-DB70-4162-A8D6-8F348A52DBC3}"
EndProject
Project("{FAE04EC0-301F-11D3-BF4B-00C04F79EFBC}") = "ChooseDrink", "ChooseDrink\ChooseDrink.csproj", "{7C2F5018-4FA5-42A2-BC70-D8C875B75954}"
EndProject
Project("{FAE04EC0-301F-11D3-BF4B-00C04F79EFBC}") = "ChooseDrink2.0", "ChooseDrink2.0\ChooseDrink2.0.csproj", "{B685D4AB-8112-4BD8-8FF7-81258F3C294C}"
EndProject
Project("{FAE04EC0-301F-11D3-BF4B-00C04F79EFBC}") = "RestorantDiscount", "RestorantDiscount\RestorantDiscount.csproj", "{AF43910B-51A5-4060-97C0-ED39921D7B5C}"
EndProject
Project("{FAE04EC0-301F-11D3-BF4B-00C04F79EFBC}") = "Hotel", "Hotel\Hotel.csproj", "{D403FBF9-A8DA-4FC1-9C5A-E968D37E9C34}"
EndProject
Project("{FAE04EC0-301F-11D3-BF4B-00C04F79EFBC}") = "WordInPlural", "WordInPlural\WordInPlural.csproj", "{B1FF7B2A-8383-4C6D-8BD3-64E95E733586}"
EndProject
Project("{FAE04EC0-301F-11D3-BF4B-00C04F79EFBC}") = "IntervalOfNumers", "IntervalOfNumers\IntervalOfNumers.csproj", "{FF3A1372-6BEB-463E-9879-0EC8EB3B5A62}"
EndProject
Project("{FAE04EC0-301F-11D3-BF4B-00C04F79EFBC}") = "CackeIngredients", "CackeIngredients\CackeIngredients.csproj", "{CD4C334A-65DB-4AA4-9C3D-81DAE2E54281}"
EndProject
Project("{FAE04EC0-301F-11D3-BF4B-00C04F79EFBC}") = "CaloriesCounter", "CaloriesCounter\CaloriesCounter.csproj", "{DE604A4E-44E8-4D44-9B64-A640E2AA3F85}"
EndProject
Project("{FAE04EC0-301F-11D3-BF4B-00C04F79EFBC}") = "CountTheIntegers", "CountTheIntegers\CountTheIntegers.csproj", "{3A3A071B-C3ED-4814-8D5A-4E3E25212622}"
EndProject
Project("{FAE04EC0-301F-11D3-BF4B-00C04F79EFBC}") = "TriangleOfNumbers", "TriangleOfNumbers\TriangleOfNumbers.csproj", "{90ED0510-A1A7-4E2A-96DB-DC5406325D20}"
EndProject
Project("{FAE04EC0-301F-11D3-BF4B-00C04F79EFBC}") = "FiveDifferentNumbers", "FiveDifferentNumbers\FiveDifferentNumbers.csproj", "{FE902D34-AF92-488A-AADD-D4A2A5B43FDD}"
EndProject
Project("{FAE04EC0-301F-11D3-BF4B-00C04F79EFBC}") = "TestNumbers", "TestNumbers\TestNumbers.csproj", "{33F7900B-F3DB-4E2C-805E-DA099B41E40A}"
EndProject
Project("{FAE04EC0-301F-11D3-BF4B-00C04F79EFBC}") = "GameOfNumbers", "GameOfNumbers\GameOfNumbers.csproj", "{593AED62-3CCD-4CF3-87BB-4B4154F0C207}"
EndProject
Project("{FAE04EC0-301F-11D3-BF4B-00C04F79EFBC}") = "NeighbourWars", "NeighbourWars\NeighbourWars.csproj", "{81660EF6-564F-40FC-AB5C-B0878822D6F8}"
EndProject
Project("{2150E333-8FDC-42A3-9474-1A3956D46DE8}") = "LoopsAndConditions", "LoopsAndConditions", "{9D2471BC-865C-4338-802D-9179D0FAFACC}"
EndProject
Project("{FAE04EC0-301F-11D3-BF4B-00C04F79EFBC}") = "MagickLetter", "MagickLetter\MagickLetter.csproj", "{A14791D6-A0A6-46BA-9D64-E543BEF582D4}"
EndProject
Project("{2150E333-8FDC-42A3-9474-1A3956D46DE8}") = "BasicSyntax", "BasicSyntax", "{4D86BCDA-323D-4ABC-9AE8-7245F36682FF}"
EndProject
Project("{2150E333-8FDC-42A3-9474-1A3956D46DE8}") = "MoreExercises", "MoreExercises", "{DC19FD66-21FB-4457-9B44-E87A7B765999}"
EndProject
Project("{FAE04EC0-301F-11D3-BF4B-00C04F79EFBC}") = "X", "X\X.csproj", "{CA36E749-995C-4886-BF0A-EC20A3A1B689}"
EndProject
Project("{FAE04EC0-301F-11D3-BF4B-00C04F79EFBC}") = "MegaPixel", "MegaPixel\MegaPixel.csproj", "{2AB911B9-C036-45B1-8FF3-69DC1A767C85}"
EndProject
Project("{FAE04EC0-301F-11D3-BF4B-00C04F79EFBC}") = "PhotoGallery", "PhotoGallery\PhotoGallery.csproj", "{8E0F0E81-EB56-454A-89CC-042BDB98E908}"
EndProject
Project("{FAE04EC0-301F-11D3-BF4B-00C04F79EFBC}") = "VaporStore", "VaporStore\VaporStore.csproj", "{34E37017-3F29-4F21-B65A-EE121DDE88DE}"
EndProject
Project("{FAE04EC0-301F-11D3-BF4B-00C04F79EFBC}") = "BPM", "BPM\BPM.csproj", "{882DC8B7-3598-41D6-B534-B761BF1A43F0}"
EndProject
Project("{FAE04EC0-301F-11D3-BF4B-00C04F79EFBC}") = "DNASequences", "DNASequences\DNASequences.csproj", "{7F47B3CD-7FFE-4D5A-B7A8-CACC662B28E8}"
EndProject
Project("{FAE04EC0-301F-11D3-BF4B-00C04F79EFBC}") = "TrainingHallEquipment", "TrainingHallEquipment\TrainingHallEquipment.csproj", "{FF7878F9-CAA1-4FEA-AC88-D057FD9C1DD3}"
EndProject
Project("{FAE04EC0-301F-11D3-BF4B-00C04F79EFBC}") = "SMSTyping", "SMSTyping\SMSTyping.csproj", "{0DFE89D8-6455-456F-9587-DB47496A641C}"
EndProject
Project("{2150E333-8FDC-42A3-9474-1A3956D46DE8}") = "DataTypesAndVariables", "DataTypesAndVariables", "{2282494F-0EE5-4364-89F9-DF2825D197B9}"
EndProject
Project("{FAE04EC0-301F-11D3-BF4B-00C04F79EFBC}") = "Practice Integer Numbers", "Practice Integer Numbers\Practice Integer Numbers.csproj", "{C3BC75C7-420B-43D1-A612-05114E38C9AA}"
EndProject
Project("{FAE04EC0-301F-11D3-BF4B-00C04F79EFBC}") = "Practice Floating Point Numbers", "Practice Floating Point Numbers\Practice Floating Point Numbers.csproj", "{A602878B-F3F1-4635-A6E7-06F92F0E0E49}"
EndProject
Project("{FAE04EC0-301F-11D3-BF4B-00C04F79EFBC}") = "PracticeCharactersAndStrings", "PracticeCharactersAndStrings\PracticeCharactersAndStrings.csproj", "{6EB1882A-2936-4ADA-9143-867FF4E083C7}"
EndProject
Project("{FAE04EC0-301F-11D3-BF4B-00C04F79EFBC}") = "VariableInHexadecimalFormat", "VariableInHexadecimalFormat\VariableInHexadecimalFormat.csproj", "{A5F05DDD-3DDE-44E4-A00B-CDFAEF32CA2A}"
EndProject
Project("{FAE04EC0-301F-11D3-BF4B-00C04F79EFBC}") = "BooleanVariable", "BooleanVariable\BooleanVariable.csproj", "{86B2C7A4-BCA8-4CB5-A51C-58B4C1B1B152}"
EndProject
Project("{FAE04EC0-301F-11D3-BF4B-00C04F79EFBC}") = "StringsAndObjects", "StringsAndObjects\StringsAndObjects.csproj", "{752D6869-BD1F-4DEC-B1FF-F382C2754210}"
EndProject
Project("{FAE04EC0-301F-11D3-BF4B-00C04F79EFBC}") = "ExchangeVariableValues", "ExchangeVariableValues\ExchangeVariableValues.csproj", "{3E7E7B4A-DECF-44CD-867D-D1C38752473C}"
EndProject
Project("{FAE04EC0-301F-11D3-BF4B-00C04F79EFBC}") = "EmployeeData", "EmployeeData\EmployeeData.csproj", "{8C7669D9-BCF9-4B3B-AA2E-BCD028C79DF2}"
EndProject
Project("{FAE04EC0-301F-11D3-BF4B-00C04F79EFBC}") = "ReverseCharacters", "ReverseCharacters\ReverseCharacters.csproj", "{CACED8B6-49BF-4FA5-ACBA-A046BE63D381}"
EndProject
Project("{FAE04EC0-301F-11D3-BF4B-00C04F79EFBC}") = "CenturiesToNanoseconds", "CenturiesToNanoseconds\CenturiesToNanoseconds.csproj", "{AC53A1E4-6EC4-498C-96B6-4E30E33CC66A}"
EndProject
Project("{FAE04EC0-301F-11D3-BF4B-00C04F79EFBC}") = "ConvertSpeedUnits", "ConvertSpeedUnits\ConvertSpeedUnits.csproj", "{6F098C7B-3F07-4F9F-B6B5-555940462CCC}"
EndProject
Project("{FAE04EC0-301F-11D3-BF4B-00C04F79EFBC}") = "RectangleProperties", "RectangleProperties\RectangleProperties.csproj", "{DFE599E0-F45C-4762-9ED8-FD2CD5767A1A}"
EndProject
Project("{FAE04EC0-301F-11D3-BF4B-00C04F79EFBC}") = "VowelОrDigit", "VowelОrDigit\VowelОrDigit.csproj", "{2B89BE74-C246-4217-B5C8-829487DA45FC}"
EndProject
Project("{FAE04EC0-301F-11D3-BF4B-00C04F79EFBC}") = "IntegerToHexAndBinary", "IntegerToHexAndBinary\IntegerToHexAndBinary.csproj", "{4A2E8D50-290E-4607-934D-95E08C1C3F89}"
EndProject
Project("{FAE04EC0-301F-11D3-BF4B-00C04F79EFBC}") = "FastPrimeChecker Refactor", "FastPrimeChecker Refactor\FastPrimeChecker Refactor.csproj", "{FC04BA58-6F2F-41F3-9776-C6851C607AE6}"
EndProject
Project("{FAE04EC0-301F-11D3-BF4B-00C04F79EFBC}") = "ComparingFloats", "ComparingFloats\ComparingFloats.csproj", "{1A1B0162-042A-4F27-B018-32F77591700D}"
EndProject
Project("{FAE04EC0-301F-11D3-BF4B-00C04F79EFBC}") = "PrintPartOfASCIITable", "PrintPartOfASCIITable\PrintPartOfASCIITable.csproj", "{935E70D8-A112-4738-B8E6-56163EDDF70A}"
EndProject
Project("{FAE04EC0-301F-11D3-BF4B-00C04F79EFBC}") = "DifferentIntegersSize", "DifferentIntegersSize\DifferentIntegersSize.csproj", "{09BBCA94-6C70-4D9C-9585-65E59D3D9EE7}"
EndProject
Project("{2150E333-8FDC-42A3-9474-1A3956D46DE8}") = "DataTypesAndVariablesMoreExercises", "DataTypesAndVariablesMoreExercises", "{F3DDDEDB-BEFC-405A-8995-9658149FC16C}"
EndProject
Project("{FAE04EC0-301F-11D3-BF4B-00C04F79EFBC}") = "TypeBoundaries", "TypeBoundaries\TypeBoundaries.csproj", "{377930D1-1422-4692-862E-C7F01833C4E4}"
EndProject
Project("{FAE04EC0-301F-11D3-BF4B-00C04F79EFBC}") = "NumberChecker", "NumberChecker\NumberChecker.csproj", "{D6EF0F66-F36B-412D-8878-8B403F649379}"
EndProject
Project("{FAE04EC0-301F-11D3-BF4B-00C04F79EFBC}") = "WaterOverflow", "WaterOverflow\WaterOverflow.csproj", "{D56060E8-B9CF-44BF-A599-D238DC3E717A}"
EndProject
Project("{FAE04EC0-301F-11D3-BF4B-00C04F79EFBC}") = "TouristInformation", "TouristInformation\TouristInformation.csproj", "{71BD7D18-393C-4CE1-8824-50C5B62EE69F}"
EndProject
Project("{FAE04EC0-301F-11D3-BF4B-00C04F79EFBC}") = "WeatherForecast", "WeatherForecast\WeatherForecast.csproj", "{B909AFD5-4767-4907-BD2C-C4E1D116A339}"
EndProject
Project("{FAE04EC0-301F-11D3-BF4B-00C04F79EFBC}") = "TheaThePhotographer", "TheaThePhotographer\TheaThePhotographer.csproj", "{E5C958C4-B1CF-49D1-8C7F-77E3DE1950C9}"
EndProject
Project("{FAE04EC0-301F-11D3-BF4B-00C04F79EFBC}") = "CatchTheThief", "CatchTheThief\CatchTheThief.csproj", "{DA659BFB-80CF-4EF0-A243-664AEC450B88}"
EndProject
Project("{FAE04EC0-301F-11D3-BF4B-00C04F79EFBC}") = "HouseBuilder", "HouseBuilder\HouseBuilder.csproj", "{8918F594-1F4D-4F21-AE88-9A71A576B8E7}"
EndProject
Project("{FAE04EC0-301F-11D3-BF4B-00C04F79EFBC}") = "MakeAWord", "MakeAWord\MakeAWord.csproj", "{750DA175-4D96-4588-935E-44A47CC14530}"
EndProject
Project("{FAE04EC0-301F-11D3-BF4B-00C04F79EFBC}") = "SumOfChars", "SumOfChars\SumOfChars.csproj", "{F61D2DEC-6AC0-4767-A361-54945374736C}"
EndProject
Project("{FAE04EC0-301F-11D3-BF4B-00C04F79EFBC}") = "StringConcatenation", "StringConcatenation\StringConcatenation.csproj", "{825133E3-A146-42EE-A162-16F2283C3083}"
EndProject
Project("{FAE04EC0-301F-11D3-BF4B-00C04F79EFBC}") = "Sentence the Thief", "Sentence the Thief\Sentence the Thief.csproj", "{20A23642-884D-40BC-A022-97A92BCFA494}"
EndProject
Project("{FAE04EC0-301F-11D3-BF4B-00C04F79EFBC}") = "DecryptingMessage", "DecryptingMessage\DecryptingMessage.csproj", "{FD9F709C-241F-4B95-82D8-76DCB0316FE0}"
EndProject
Project("{FAE04EC0-301F-11D3-BF4B-00C04F79EFBC}") = "BeerKegs", "BeerKegs\BeerKegs.csproj", "{6D620703-F623-4689-8F22-9C1E09F8BDA9}"
EndProject
Project("{2150E333-8FDC-42A3-9474-1A3956D46DE8}") = "MethodsAndDebugging", "MethodsAndDebugging", "{F74903E3-22FB-4408-A076-5D83DBD3ABF9}"
EndProject
Project("{FAE04EC0-301F-11D3-BF4B-00C04F79EFBC}") = "MaxMethod", "MinMethod\MaxMethod.csproj", "{7F480690-3E0F-48BA-A85B-384F9D9DD8AE}"
EndProject
Project("{FAE04EC0-301F-11D3-BF4B-00C04F79EFBC}") = "EnglishNameOfLastDigit", "EnglishNameOfLastDigit\EnglishNameOfLastDigit.csproj", "{F0985203-70CC-4503-ADD9-692289854CD4}"
EndProject
Project("{FAE04EC0-301F-11D3-BF4B-00C04F79EFBC}") = "ReverseNumber", "ReverseNumber\ReverseNumber.csproj", "{5C384559-4376-462C-82E8-AE13EBD51ABF}"
EndProject
Project("{FAE04EC0-301F-11D3-BF4B-00C04F79EFBC}") = "FibonacciNumbers", "FibonacciNumbers\FibonacciNumbers.csproj", "{6C3F3F46-736F-493F-AA82-75EC0DB86126}"
EndProject
Project("{FAE04EC0-301F-11D3-BF4B-00C04F79EFBC}") = "PrimeChecker", "PrimeChecker\PrimeChecker.csproj", "{058AEE57-F087-4C13-9ECB-9F1F02D353E7}"
EndProject
Project("{FAE04EC0-301F-11D3-BF4B-00C04F79EFBC}") = "CenterPoint", "CenterPoint\CenterPoint.csproj", "{7CCD8709-DEFC-44AA-9036-E2AADFB958D9}"
EndProject
Project("{FAE04EC0-301F-11D3-BF4B-00C04F79EFBC}") = "CenterPointMath", "CenterPointMath\CenterPointMath.csproj", "{B7E41462-FD58-45D7-9185-0A1A0C817C29}"
EndProject
Project("{FAE04EC0-301F-11D3-BF4B-00C04F79EFBC}") = "CubeProperties", "CubeProperties\CubeProperties.csproj", "{9F76B02B-9468-4D0D-AFED-00E1A0EDE7BE}"
EndProject
Project("{FAE04EC0-301F-11D3-BF4B-00C04F79EFBC}") = "GeometryCalculator", "GeometryCalculator\GeometryCalculator.csproj", "{2016FDF5-756A-430D-8283-00972FBD2BD1}"
EndProject
Project("{FAE04EC0-301F-11D3-BF4B-00C04F79EFBC}") = "MasterNumber", "MasterNumber\MasterNumber.csproj", "{EB8B28BC-4027-425C-A83F-BBC478464F49}"
EndProject
Project("{FAE04EC0-301F-11D3-BF4B-00C04F79EFBC}") = "CodeTester", "CodeTester\CodeTester.csproj", "{7A21A116-D970-4A0E-9EC2-41B2D4D5BF93}"
EndProject
Project("{FAE04EC0-301F-11D3-BF4B-00C04F79EFBC}") = "LongerLine", "LongerLine\LongerLine.csproj", "{7B33747F-8A0D-45C1-AA88-F26E59AE0D27}"
EndProject
Project("{FAE04EC0-301F-11D3-BF4B-00C04F79EFBC}") = "Factorial", "Factorial\Factorial.csproj", "{00ED7314-FC54-43B0-892C-FFFF4F1DB0A6}"
EndProject
Project("{2150E333-8FDC-42A3-9474-1A3956D46DE8}") = "ArrayExersises", "ArrayExersises", "{18207B53-E77F-421A-AAF1-B9D1E8CA279D}"
EndProject
Project("{FAE04EC0-301F-11D3-BF4B-00C04F79EFBC}") = "LargestCommonEnd", "LargestCommonEnd\LargestCommonEnd.csproj", "{5482EC74-0304-483D-88F8-F05F242963DD}"
EndProject
Project("{FAE04EC0-301F-11D3-BF4B-00C04F79EFBC}") = "RotateAndSum", "RotateAndSum\RotateAndSum.csproj", "{A8449836-AD08-4559-913C-EEF5319599C7}"
EndProject
Project("{FAE04EC0-301F-11D3-BF4B-00C04F79EFBC}") = "SieveOfEratosthenes", "FoldAndSum\SieveOfEratosthenes.csproj", "{D3EDFC51-7AC2-4F1E-BB70-37974317C9F3}"
EndProject
Project("{FAE04EC0-301F-11D3-BF4B-00C04F79EFBC}") = "CompareCharArrays", "CompareCharArrays\CompareCharArrays.csproj", "{B9C2C5F4-5DA7-4E3C-9089-28F3060938F2}"
EndProject
Project("{FAE04EC0-301F-11D3-BF4B-00C04F79EFBC}") = "FoldAndSum1", "FoldAndSum1\FoldAndSum1.csproj", "{CA297E98-421E-4716-ACC3-917CC8FEE628}"
EndProject
Project("{FAE04EC0-301F-11D3-BF4B-00C04F79EFBC}") = "IndexOfLetters", "IndexOfLetters\IndexOfLetters.csproj", "{6FE9986D-6721-43D5-9D18-5DF85558FC1D}"
EndProject
Project("{FAE04EC0-301F-11D3-BF4B-00C04F79EFBC}") = "PairsByDifference", "PairsByDifference\PairsByDifference.csproj", "{E7378A36-19A8-4E80-9D26-7239320E7D1B}"
EndProject
Project("{FAE04EC0-301F-11D3-BF4B-00C04F79EFBC}") = "EqualSums", "EqualSums\EqualSums.csproj", "{60C2746F-6CB0-4AEB-92BD-43DABAC57B46}"
EndProject
Project("{FAE04EC0-301F-11D3-BF4B-00C04F79EFBC}") = "MostFrequentNumber", "MostFrequentNumber\MostFrequentNumber.csproj", "{C7A78E1A-6037-4AE9-8746-1E8D141881EF}"
EndProject
Project("{FAE04EC0-301F-11D3-BF4B-00C04F79EFBC}") = "MaxSequenceOfEqualElements", "MaxSequenceOfEqualElements\MaxSequenceOfEqualElements.csproj", "{9BCF45B6-3AD0-4F26-95B5-E3C0E03480B5}"
EndProject
Project("{2150E333-8FDC-42A3-9474-1A3956D46DE8}") = "MoreArrayExersises", "MoreArrayExersises", "{EC581CA0-F61C-4674-AD39-9C42928049B1}"
EndProject
Project("{FAE04EC0-301F-11D3-BF4B-00C04F79EFBC}") = "ArrayStatistics", "ArrayStatistics\ArrayStatistics.csproj", "{3D2169D6-DA55-4BDA-A063-DE41E08D8CEB}"
EndProject
Project("{FAE04EC0-301F-11D3-BF4B-00C04F79EFBC}") = "ManipulateArray", "ManipulateArray\ManipulateArray.csproj", "{59C456A1-3AE3-49CE-8A4B-9D57E362DCF7}"
EndProject
Project("{FAE04EC0-301F-11D3-BF4B-00C04F79EFBC}") = "SafeManipulation", "SafeManipulation\SafeManipulation.csproj", "{ADBC3990-6D13-4900-9E6C-28D70BEF9D5A}"
EndProject
Project("{FAE04EC0-301F-11D3-BF4B-00C04F79EFBC}") = "GrabAndGo", "GrabAndGo\GrabAndGo.csproj", "{DFA4CA57-52DB-4936-A7B8-53878F53D1A1}"
EndProject
Project("{FAE04EC0-301F-11D3-BF4B-00C04F79EFBC}") = "PizzaIngredients", "⦁ Pizza Ingredients\PizzaIngredients.csproj", "{2BD79BB5-F966-402D-8EF5-BE956402E65C}"
EndProject
Project("{FAE04EC0-301F-11D3-BF4B-00C04F79EFBC}") = "InventoryMatcher", "InventoryMatcher\InventoryMatcher.csproj", "{5AD59B85-5638-4F06-8F4A-57305B5E376E}"
EndProject
Project("{FAE04EC0-301F-11D3-BF4B-00C04F79EFBC}") = "Heists", "Heists\Heists.csproj", "{7130A9AD-CA66-4759-B5F8-3A7F336E4C53}"
EndProject
Project("{2150E333-8FDC-42A3-9474-1A3956D46DE8}") = "ListsExercises", "ListsExercises", "{261B18DB-F70D-4644-9490-0D9385AC43C1}"
EndProject
Project("{FAE04EC0-301F-11D3-BF4B-00C04F79EFBC}") = "MaxSequenceOfEqualElementsLists", "MaxSequenceOfEqualElementsLists\MaxSequenceOfEqualElementsLists.csproj", "{7C1588CE-E79D-4961-A0D9-CA480783416A}"
EndProject
Project("{FAE04EC0-301F-11D3-BF4B-00C04F79EFBC}") = "ChangeList", "ChangeList\ChangeList.csproj", "{793A4D62-5349-41FF-8AB5-A46D363E88AB}"
EndProject
Project("{FAE04EC0-301F-11D3-BF4B-00C04F79EFBC}") = "SearchForANumber", "SearchForANumber\SearchForANumber.csproj", "{8456EF08-8AB5-472B-B198-FFECFF9DEDB8}"
EndProject
Project("{FAE04EC0-301F-11D3-BF4B-00C04F79EFBC}") = "SumReversedNumbers", "SearchForANumberLists\SumReversedNumbers.csproj", "{CD5FAC55-912B-477C-9CE6-75AD830C6B58}"
EndProject
Project("{FAE04EC0-301F-11D3-BF4B-00C04F79EFBC}") = "BombNumbers", "BombNumbers\BombNumbers.csproj", "{7E5DB15C-5E0B-45D3-BB31-FB2C39941AC4}"
EndProject
Project("{2150E333-8FDC-42A3-9474-1A3956D46DE8}") = "Dictionaries, Lambda and LINQ - Exercises", "Dictionaries, Lambda and LINQ - Exercises", "{D9EA23C1-3FA1-4C33-87BE-E9035F912833}"
EndProject
Project("{FAE04EC0-301F-11D3-BF4B-00C04F79EFBC}") = "Phonebook", "Phonebook\Phonebook.csproj", "{B9E7B71C-4911-4465-933A-E7F187A7D267}"
EndProject
Project("{FAE04EC0-301F-11D3-BF4B-00C04F79EFBC}") = "PhonebookUpgraded", "PhonebookUpgraded\PhonebookUpgraded.csproj", "{DDFDB2F1-1983-44DD-8EEC-1B9682A6913C}"
EndProject
Project("{FAE04EC0-301F-11D3-BF4B-00C04F79EFBC}") = "AMinerTask", "AMinerTask\AMinerTask.csproj", "{412FE072-B507-4509-8B7B-17B0D00097E3}"
EndProject
Project("{FAE04EC0-301F-11D3-BF4B-00C04F79EFBC}") = "HandsOfCards", "FixEmails\HandsOfCards.csproj", "{8BE6966F-211E-45FA-A48C-7BEF8E7AF8EF}"
EndProject
Project("{2150E333-8FDC-42A3-9474-1A3956D46DE8}") = "Dictionaries, Lambda and LINQ - More Exercises", "Dictionaries, Lambda and LINQ - More Exercises", "{187B9ACF-FFD8-4400-B4EE-20BDE3CD0055}"
EndProject
Project("{FAE04EC0-301F-11D3-BF4B-00C04F79EFBC}") = "SortTimes", "SortTimes\SortTimes.csproj", "{F61208D9-3322-480B-9F1D-AE333A392A13}"
EndProject
Project("{FAE04EC0-301F-11D3-BF4B-00C04F79EFBC}") = "SupermarketDatabase", "Supermarket Database\SupermarketDatabase.csproj", "{9B3B39EA-2609-4D1A-8B87-9C376046DEB4}"
EndProject
Project("{FAE04EC0-301F-11D3-BF4B-00C04F79EFBC}") = "ByteFlip", "ByteFlip\ByteFlip.csproj", "{BEDC84E2-A03A-4A4F-A834-BC808369AEF2}"
EndProject
Project("{FAE04EC0-301F-11D3-BF4B-00C04F79EFBC}") = "FixEmail", "FixEmail\FixEmail.csproj", "{03A2F322-32ED-4214-B7C8-28792DF0B13A}"
EndProject
Project("{FAE04EC0-301F-11D3-BF4B-00C04F79EFBC}") = "ImmuneSystem", "ImmuneSystem\ImmuneSystem.csproj", "{3358B146-06DC-47F6-9C0F-6EE8F70DDF05}"
EndProject
Project("{FAE04EC0-301F-11D3-BF4B-00C04F79EFBC}") = "ParkingValidation", "ParkingValidation\ParkingValidation.csproj", "{5CCD4BF6-DF14-46FC-8399-80D1B9B3DFE5}"
EndProject
Project("{FAE04EC0-301F-11D3-BF4B-00C04F79EFBC}") = "OddFilter", "OddFilter\OddFilter.csproj", "{084536E4-0DAD-4CC6-9096-B79FBF872E81}"
EndProject
Project("{2150E333-8FDC-42A3-9474-1A3956D46DE8}") = "ObjectsAndClasses-Exercises", "ObjectsAndClasses-Exercises", "{561E2E9A-4036-4B7F-B386-C9E85A974940}"
EndProject
Project("{FAE04EC0-301F-11D3-BF4B-00C04F79EFBC}") = "CountWorkingDays", "CountWorkingDays\CountWorkingDays.csproj", "{63AF7E5C-68E7-4AA4-AAFF-D3F3EB50FD80}"
EndProject
Project("{FAE04EC0-301F-11D3-BF4B-00C04F79EFBC}") = "AdvertisementMessage", "AdvertisementMessage\AdvertisementMessage.csproj", "{822E26F9-1A34-43F3-A799-C4175C7D3DEC}"
EndProject
Project("{FAE04EC0-301F-11D3-BF4B-00C04F79EFBC}") = "IntersectionOfCircles", "IntersectionOfCircles\IntersectionOfCircles.csproj", "{1DFE92D5-E80E-4E2C-9734-D2BDA760C32C}"
EndProject
Project("{FAE04EC0-301F-11D3-BF4B-00C04F79EFBC}") = "AverageGradess", "AverageGradess\AverageGradess.csproj", "{F3BA2170-F0EC-40C3-B7AD-03B854C99962}"
EndProject
Project("{FAE04EC0-301F-11D3-BF4B-00C04F79EFBC}") = "BookLibrary", "BookLibrary\BookLibrary.csproj", "{060E4103-70F8-4948-8499-A45994CD27F8}"
EndProject
Project("{FAE04EC0-301F-11D3-BF4B-00C04F79EFBC}") = "BookLibraryModification", "BookLibraryModification\BookLibraryModification.csproj", "{1586D865-C3FD-443A-8F2F-F53163FBE05C}"
EndProject
Project("{FAE04EC0-301F-11D3-BF4B-00C04F79EFBC}") = "AndreyAndbilliard", "AndreyAndbilliard\AndreyAndbilliard.csproj", "{372B97FD-3FBF-4F8D-8FA1-853ADAF809CC}"
EndProject
Project("{FAE04EC0-301F-11D3-BF4B-00C04F79EFBC}") = "MentorGroup", "MentorGroup\MentorGroup.csproj", "{996749D2-074E-445D-BA0C-D388F615F0AF}"
EndProject
Project("{FAE04EC0-301F-11D3-BF4B-00C04F79EFBC}") = "TeamworkProjects", "TeamworkProjects\TeamworkProjects.csproj", "{3B48703C-7503-4290-B23D-8CE0F929C296}"
EndProject
Project("{2150E333-8FDC-42A3-9474-1A3956D46DE8}") = "Objects, Classes, FilesAndExceptions-More Exercises", "Objects, Classes, FilesAndExceptions-More Exercises", "{96A5D228-D12C-4654-8CEA-E0673391788D}"
EndProject
Project("{FAE04EC0-301F-11D3-BF4B-00C04F79EFBC}") = "OrderByAge", "OrderByAge\OrderByAge.csproj", "{521EC864-7AA8-4DCE-B7C4-4E2E2A81638F}"
EndProject
Project("{FAE04EC0-301F-11D3-BF4B-00C04F79EFBC}") = "VehicleCatalogue", "VehicleCatalogue\VehicleCatalogue.csproj", "{C8D54654-704A-4A20-AA57-59D48033CE3E}"
EndProject
Project("{FAE04EC0-301F-11D3-BF4B-00C04F79EFBC}") = "WriteToFile", "PunctuationFinder\WriteToFile.csproj", "{814A8DAE-9412-451E-AB7D-27364ED53C6A}"
EndProject
Project("{FAE04EC0-301F-11D3-BF4B-00C04F79EFBC}") = "PunctuationFinderr", "PunctuationFinderr\PunctuationFinderr.csproj", "{C400D9D0-9264-42B1-A2CD-3E1BED748A75}"
EndProject
Project("{FAE04EC0-301F-11D3-BF4B-00C04F79EFBC}") = "PlayCatch", "PlayCatch\PlayCatch.csproj", "{F3658337-6DDA-4DF2-AD7F-18101566822C}"
EndProject
Project("{FAE04EC0-301F-11D3-BF4B-00C04F79EFBC}") = "PersonalException", "PersonalException\PersonalException.csproj", "{09F3952B-24E3-4D4F-BA0B-D62682AA4F26}"
EndProject
Project("{2150E333-8FDC-42A3-9474-1A3956D46DE8}") = "StringAndTextProcessing", "StringAndTextProcessing", "{4A7A2927-9103-40C9-A989-B5C842C8EB58}"
EndProject
Project("{FAE04EC0-301F-11D3-BF4B-00C04F79EFBC}") = "SumBigNumbers", "SumBigNumbers\SumBigNumbers.csproj", "{0561A75A-42D9-4A87-A1B6-B554FC1EFFCB}"
EndProject
Project("{FAE04EC0-301F-11D3-BF4B-00C04F79EFBC}") = "MultiplyBigNumber", "MultiplyBigNumber\MultiplyBigNumber.csproj", "{386511B1-726C-4D76-B8F2-64F02CC8C144}"
EndProject
Project("{FAE04EC0-301F-11D3-BF4B-00C04F79EFBC}") = "UnicodeCharacters", "UnicodeCharacters\UnicodeCharacters.csproj", "{FC323660-EAA6-4E44-967F-2EFF35C18463}"
EndProject
Project("{FAE04EC0-301F-11D3-BF4B-00C04F79EFBC}") = "ConsoleApplication2ConvertFromBaseNToBase10", "ConsoleApplication2ConvertFromBaseNToBase10\ConsoleApplication2ConvertFromBaseNToBase10.csproj", "{B10B653F-02D0-4529-925B-0537A99BA175}"
EndProject
Project("{FAE04EC0-301F-11D3-BF4B-00C04F79EFBC}") = "ConvertFromBase10ToBaseN", "ConvertFromBase10ToBaseN\ConvertFromBase10ToBaseN.csproj", "{8B83942E-703F-4C00-8596-800D949F3B0F}"
EndProject
Project("{FAE04EC0-301F-11D3-BF4B-00C04F79EFBC}") = "CharacterMultiplier", "CharacterMultiplier\CharacterMultiplier.csproj", "{E8DCFFEF-8783-4D0F-A660-3CF1C0CE7998}"
EndProject
Project("{FAE04EC0-301F-11D3-BF4B-00C04F79EFBC}") = "MagicExchangeableWords", "MagicExchangeableWords\MagicExchangeableWords.csproj", "{A6C773FC-01E9-475F-BFCB-505110273529}"
EndProject
Project("{2150E333-8FDC-42A3-9474-1A3956D46DE8}") = "RegularExpressionsExercises", "RegularExpressionsExercises", "{B367FF76-C343-4A7A-82F4-CDC07068BE98}"
EndProject
Project("{FAE04EC0-301F-11D3-BF4B-00C04F79EFBC}") = "ExtractEmails", "ExtractEmails\ExtractEmails.csproj", "{466F1485-500C-4270-8327-435AF4752DA6}"
EndProject
Project("{FAE04EC0-301F-11D3-BF4B-00C04F79EFBC}") = "ExtractSentencesByKeyword", "ExtractSentencesByKeyword\ExtractSentencesByKeyword.csproj", "{838AB5C4-ECE0-405B-978A-942067CF27EA}"
EndProject
Project("{FAE04EC0-301F-11D3-BF4B-00C04F79EFBC}") = "CameraView", "CameraView\CameraView.csproj", "{743981D2-2496-433F-A1C5-ED71453F0C65}"
EndProject
Project("{FAE04EC0-301F-11D3-BF4B-00C04F79EFBC}") = "KeyReplacer", "KeyReplacer\KeyReplacer.csproj", "{E5E03E93-D728-429F-8C3E-86A14925DF58}"
EndProject
Project("{FAE04EC0-301F-11D3-BF4B-00C04F79EFBC}") = "Weather", "Weather\Weather.csproj", "{56CD0856-F1EA-41C5-A00B-2DEF2227045C}"
EndProject
Project("{2150E333-8FDC-42A3-9474-1A3956D46DE8}") = "StringsAndRegularExpressionsMoreExercises", "StringsAndRegularExpressionsMoreExercises", "{6FCA5CB5-4A3D-4FD3-9B5D-BBB225470BA3}"
EndProject
Project("{FAE04EC0-301F-11D3-BF4B-00C04F79EFBC}") = "Censorship", "Censorship\Censorship.csproj", "{B2800E32-C24B-4BE3-B264-24EE0F2797AA}"
EndProject
Project("{FAE04EC0-301F-11D3-BF4B-00C04F79EFBC}") = "EmailMe", "EmailMe\EmailMe.csproj", "{73467E9F-F27B-4B1D-BBE0-F29AC132C792}"
EndProject
Project("{FAE04EC0-301F-11D3-BF4B-00C04F79EFBC}") = "EmailStatistics", "EmailStatistics\EmailStatistics.csproj", "{178B3592-7095-406A-988C-6135C6B79481}"
EndProject
Project("{FAE04EC0-301F-11D3-BF4B-00C04F79EFBC}") = "OnlyLetters", "OnlyLetters\OnlyLetters.csproj", "{1791B11D-46A8-43B5-9536-245B3E00A9B8}"
EndProject
Project("{FAE04EC0-301F-11D3-BF4B-00C04F79EFBC}") = "HideOut", "HideOut\HideOut.csproj", "{BD236C70-D0EF-498C-9F8E-A1FFD3FF2CEC}"
EndProject
Project("{FAE04EC0-301F-11D3-BF4B-00C04F79EFBC}") = "KarateStrings", "KarateStrings\KarateStrings.csproj", "{6BD3D774-E28F-4B9E-8FBA-302530EE0F1B}"
EndProject
Project("{2150E333-8FDC-42A3-9474-1A3956D46DE8}") = "ExamPreparation", "ExamPreparation", "{BF4C3D76-AA9F-4AC3-88A1-94A44B110FA2}"
EndProject
Project("{FAE04EC0-301F-11D3-BF4B-00C04F79EFBC}") = "SinoTheWalker", "SinoTheWalker\SinoTheWalker.csproj", "{A69A5008-2664-484B-9E37-66F0EC414342}"
EndProject
Project("{FAE04EC0-301F-11D3-BF4B-00C04F79EFBC}") = "SoftUniKaraoke", "SoftUniKaraoke\SoftUniKaraoke.csproj", "{B90D6E84-DF94-429B-97E1-0A47A83139C1}"
EndProject
Project("{FAE04EC0-301F-11D3-BF4B-00C04F79EFBC}") = "EnduranceRally", "EnduranceRally\EnduranceRally.csproj", "{6EB563DC-9A41-4B6D-8128-52E4A88268F8}"
EndProject
Project("{FAE04EC0-301F-11D3-BF4B-00C04F79EFBC}") = "WinningTicket", "WinningTicket\WinningTicket.csproj", "{3F1349A0-84A9-4324-B8B4-3926E68C8874}"
EndProject
Global
	GlobalSection(SolutionConfigurationPlatforms) = preSolution
		Debug|Any CPU = Debug|Any CPU
		Release|Any CPU = Release|Any CPU
	EndGlobalSection
	GlobalSection(ProjectConfigurationPlatforms) = postSolution
		{2ED590FF-56DF-48EB-B2BF-EBF3DDD68488}.Debug|Any CPU.ActiveCfg = Debug|Any CPU
		{2ED590FF-56DF-48EB-B2BF-EBF3DDD68488}.Debug|Any CPU.Build.0 = Debug|Any CPU
		{2ED590FF-56DF-48EB-B2BF-EBF3DDD68488}.Release|Any CPU.ActiveCfg = Release|Any CPU
		{2ED590FF-56DF-48EB-B2BF-EBF3DDD68488}.Release|Any CPU.Build.0 = Release|Any CPU
		{A8CAE417-783D-4424-A393-5FCB90FC2C0D}.Debug|Any CPU.ActiveCfg = Debug|Any CPU
		{A8CAE417-783D-4424-A393-5FCB90FC2C0D}.Debug|Any CPU.Build.0 = Debug|Any CPU
		{A8CAE417-783D-4424-A393-5FCB90FC2C0D}.Release|Any CPU.ActiveCfg = Release|Any CPU
		{A8CAE417-783D-4424-A393-5FCB90FC2C0D}.Release|Any CPU.Build.0 = Release|Any CPU
		{A423C876-B3DB-4F56-A58B-D5179CA284C1}.Debug|Any CPU.ActiveCfg = Debug|Any CPU
		{A423C876-B3DB-4F56-A58B-D5179CA284C1}.Debug|Any CPU.Build.0 = Debug|Any CPU
		{A423C876-B3DB-4F56-A58B-D5179CA284C1}.Release|Any CPU.ActiveCfg = Release|Any CPU
		{A423C876-B3DB-4F56-A58B-D5179CA284C1}.Release|Any CPU.Build.0 = Release|Any CPU
		{A4A9D371-2926-4E15-8420-CF3F093BC8D6}.Debug|Any CPU.ActiveCfg = Debug|Any CPU
		{A4A9D371-2926-4E15-8420-CF3F093BC8D6}.Debug|Any CPU.Build.0 = Debug|Any CPU
		{A4A9D371-2926-4E15-8420-CF3F093BC8D6}.Release|Any CPU.ActiveCfg = Release|Any CPU
		{A4A9D371-2926-4E15-8420-CF3F093BC8D6}.Release|Any CPU.Build.0 = Release|Any CPU
		{FB9CC25F-3F2D-430B-9939-FBA37333D3E1}.Debug|Any CPU.ActiveCfg = Debug|Any CPU
		{FB9CC25F-3F2D-430B-9939-FBA37333D3E1}.Debug|Any CPU.Build.0 = Debug|Any CPU
		{FB9CC25F-3F2D-430B-9939-FBA37333D3E1}.Release|Any CPU.ActiveCfg = Release|Any CPU
		{FB9CC25F-3F2D-430B-9939-FBA37333D3E1}.Release|Any CPU.Build.0 = Release|Any CPU
		{EA4E67F2-DB70-4162-A8D6-8F348A52DBC3}.Debug|Any CPU.ActiveCfg = Debug|Any CPU
		{EA4E67F2-DB70-4162-A8D6-8F348A52DBC3}.Debug|Any CPU.Build.0 = Debug|Any CPU
		{EA4E67F2-DB70-4162-A8D6-8F348A52DBC3}.Release|Any CPU.ActiveCfg = Release|Any CPU
		{EA4E67F2-DB70-4162-A8D6-8F348A52DBC3}.Release|Any CPU.Build.0 = Release|Any CPU
		{7C2F5018-4FA5-42A2-BC70-D8C875B75954}.Debug|Any CPU.ActiveCfg = Debug|Any CPU
		{7C2F5018-4FA5-42A2-BC70-D8C875B75954}.Debug|Any CPU.Build.0 = Debug|Any CPU
		{7C2F5018-4FA5-42A2-BC70-D8C875B75954}.Release|Any CPU.ActiveCfg = Release|Any CPU
		{7C2F5018-4FA5-42A2-BC70-D8C875B75954}.Release|Any CPU.Build.0 = Release|Any CPU
		{B685D4AB-8112-4BD8-8FF7-81258F3C294C}.Debug|Any CPU.ActiveCfg = Debug|Any CPU
		{B685D4AB-8112-4BD8-8FF7-81258F3C294C}.Debug|Any CPU.Build.0 = Debug|Any CPU
		{B685D4AB-8112-4BD8-8FF7-81258F3C294C}.Release|Any CPU.ActiveCfg = Release|Any CPU
		{B685D4AB-8112-4BD8-8FF7-81258F3C294C}.Release|Any CPU.Build.0 = Release|Any CPU
		{AF43910B-51A5-4060-97C0-ED39921D7B5C}.Debug|Any CPU.ActiveCfg = Debug|Any CPU
		{AF43910B-51A5-4060-97C0-ED39921D7B5C}.Debug|Any CPU.Build.0 = Debug|Any CPU
		{AF43910B-51A5-4060-97C0-ED39921D7B5C}.Release|Any CPU.ActiveCfg = Release|Any CPU
		{AF43910B-51A5-4060-97C0-ED39921D7B5C}.Release|Any CPU.Build.0 = Release|Any CPU
		{D403FBF9-A8DA-4FC1-9C5A-E968D37E9C34}.Debug|Any CPU.ActiveCfg = Debug|Any CPU
		{D403FBF9-A8DA-4FC1-9C5A-E968D37E9C34}.Debug|Any CPU.Build.0 = Debug|Any CPU
		{D403FBF9-A8DA-4FC1-9C5A-E968D37E9C34}.Release|Any CPU.ActiveCfg = Release|Any CPU
		{D403FBF9-A8DA-4FC1-9C5A-E968D37E9C34}.Release|Any CPU.Build.0 = Release|Any CPU
		{B1FF7B2A-8383-4C6D-8BD3-64E95E733586}.Debug|Any CPU.ActiveCfg = Debug|Any CPU
		{B1FF7B2A-8383-4C6D-8BD3-64E95E733586}.Debug|Any CPU.Build.0 = Debug|Any CPU
		{B1FF7B2A-8383-4C6D-8BD3-64E95E733586}.Release|Any CPU.ActiveCfg = Release|Any CPU
		{B1FF7B2A-8383-4C6D-8BD3-64E95E733586}.Release|Any CPU.Build.0 = Release|Any CPU
		{FF3A1372-6BEB-463E-9879-0EC8EB3B5A62}.Debug|Any CPU.ActiveCfg = Debug|Any CPU
		{FF3A1372-6BEB-463E-9879-0EC8EB3B5A62}.Debug|Any CPU.Build.0 = Debug|Any CPU
		{FF3A1372-6BEB-463E-9879-0EC8EB3B5A62}.Release|Any CPU.ActiveCfg = Release|Any CPU
		{FF3A1372-6BEB-463E-9879-0EC8EB3B5A62}.Release|Any CPU.Build.0 = Release|Any CPU
		{CD4C334A-65DB-4AA4-9C3D-81DAE2E54281}.Debug|Any CPU.ActiveCfg = Debug|Any CPU
		{CD4C334A-65DB-4AA4-9C3D-81DAE2E54281}.Debug|Any CPU.Build.0 = Debug|Any CPU
		{CD4C334A-65DB-4AA4-9C3D-81DAE2E54281}.Release|Any CPU.ActiveCfg = Release|Any CPU
		{CD4C334A-65DB-4AA4-9C3D-81DAE2E54281}.Release|Any CPU.Build.0 = Release|Any CPU
		{DE604A4E-44E8-4D44-9B64-A640E2AA3F85}.Debug|Any CPU.ActiveCfg = Debug|Any CPU
		{DE604A4E-44E8-4D44-9B64-A640E2AA3F85}.Debug|Any CPU.Build.0 = Debug|Any CPU
		{DE604A4E-44E8-4D44-9B64-A640E2AA3F85}.Release|Any CPU.ActiveCfg = Release|Any CPU
		{DE604A4E-44E8-4D44-9B64-A640E2AA3F85}.Release|Any CPU.Build.0 = Release|Any CPU
		{3A3A071B-C3ED-4814-8D5A-4E3E25212622}.Debug|Any CPU.ActiveCfg = Debug|Any CPU
		{3A3A071B-C3ED-4814-8D5A-4E3E25212622}.Debug|Any CPU.Build.0 = Debug|Any CPU
		{3A3A071B-C3ED-4814-8D5A-4E3E25212622}.Release|Any CPU.ActiveCfg = Release|Any CPU
		{3A3A071B-C3ED-4814-8D5A-4E3E25212622}.Release|Any CPU.Build.0 = Release|Any CPU
		{90ED0510-A1A7-4E2A-96DB-DC5406325D20}.Debug|Any CPU.ActiveCfg = Debug|Any CPU
		{90ED0510-A1A7-4E2A-96DB-DC5406325D20}.Debug|Any CPU.Build.0 = Debug|Any CPU
		{90ED0510-A1A7-4E2A-96DB-DC5406325D20}.Release|Any CPU.ActiveCfg = Release|Any CPU
		{90ED0510-A1A7-4E2A-96DB-DC5406325D20}.Release|Any CPU.Build.0 = Release|Any CPU
		{FE902D34-AF92-488A-AADD-D4A2A5B43FDD}.Debug|Any CPU.ActiveCfg = Debug|Any CPU
		{FE902D34-AF92-488A-AADD-D4A2A5B43FDD}.Debug|Any CPU.Build.0 = Debug|Any CPU
		{FE902D34-AF92-488A-AADD-D4A2A5B43FDD}.Release|Any CPU.ActiveCfg = Release|Any CPU
		{FE902D34-AF92-488A-AADD-D4A2A5B43FDD}.Release|Any CPU.Build.0 = Release|Any CPU
		{33F7900B-F3DB-4E2C-805E-DA099B41E40A}.Debug|Any CPU.ActiveCfg = Debug|Any CPU
		{33F7900B-F3DB-4E2C-805E-DA099B41E40A}.Debug|Any CPU.Build.0 = Debug|Any CPU
		{33F7900B-F3DB-4E2C-805E-DA099B41E40A}.Release|Any CPU.ActiveCfg = Release|Any CPU
		{33F7900B-F3DB-4E2C-805E-DA099B41E40A}.Release|Any CPU.Build.0 = Release|Any CPU
		{593AED62-3CCD-4CF3-87BB-4B4154F0C207}.Debug|Any CPU.ActiveCfg = Debug|Any CPU
		{593AED62-3CCD-4CF3-87BB-4B4154F0C207}.Debug|Any CPU.Build.0 = Debug|Any CPU
		{593AED62-3CCD-4CF3-87BB-4B4154F0C207}.Release|Any CPU.ActiveCfg = Release|Any CPU
		{593AED62-3CCD-4CF3-87BB-4B4154F0C207}.Release|Any CPU.Build.0 = Release|Any CPU
		{81660EF6-564F-40FC-AB5C-B0878822D6F8}.Debug|Any CPU.ActiveCfg = Debug|Any CPU
		{81660EF6-564F-40FC-AB5C-B0878822D6F8}.Debug|Any CPU.Build.0 = Debug|Any CPU
		{81660EF6-564F-40FC-AB5C-B0878822D6F8}.Release|Any CPU.ActiveCfg = Release|Any CPU
		{81660EF6-564F-40FC-AB5C-B0878822D6F8}.Release|Any CPU.Build.0 = Release|Any CPU
		{A14791D6-A0A6-46BA-9D64-E543BEF582D4}.Debug|Any CPU.ActiveCfg = Debug|Any CPU
		{A14791D6-A0A6-46BA-9D64-E543BEF582D4}.Debug|Any CPU.Build.0 = Debug|Any CPU
		{A14791D6-A0A6-46BA-9D64-E543BEF582D4}.Release|Any CPU.ActiveCfg = Release|Any CPU
		{A14791D6-A0A6-46BA-9D64-E543BEF582D4}.Release|Any CPU.Build.0 = Release|Any CPU
		{CA36E749-995C-4886-BF0A-EC20A3A1B689}.Debug|Any CPU.ActiveCfg = Debug|Any CPU
		{CA36E749-995C-4886-BF0A-EC20A3A1B689}.Debug|Any CPU.Build.0 = Debug|Any CPU
		{CA36E749-995C-4886-BF0A-EC20A3A1B689}.Release|Any CPU.ActiveCfg = Release|Any CPU
		{CA36E749-995C-4886-BF0A-EC20A3A1B689}.Release|Any CPU.Build.0 = Release|Any CPU
		{2AB911B9-C036-45B1-8FF3-69DC1A767C85}.Debug|Any CPU.ActiveCfg = Debug|Any CPU
		{2AB911B9-C036-45B1-8FF3-69DC1A767C85}.Debug|Any CPU.Build.0 = Debug|Any CPU
		{2AB911B9-C036-45B1-8FF3-69DC1A767C85}.Release|Any CPU.ActiveCfg = Release|Any CPU
		{2AB911B9-C036-45B1-8FF3-69DC1A767C85}.Release|Any CPU.Build.0 = Release|Any CPU
		{8E0F0E81-EB56-454A-89CC-042BDB98E908}.Debug|Any CPU.ActiveCfg = Debug|Any CPU
		{8E0F0E81-EB56-454A-89CC-042BDB98E908}.Debug|Any CPU.Build.0 = Debug|Any CPU
		{8E0F0E81-EB56-454A-89CC-042BDB98E908}.Release|Any CPU.ActiveCfg = Release|Any CPU
		{8E0F0E81-EB56-454A-89CC-042BDB98E908}.Release|Any CPU.Build.0 = Release|Any CPU
		{34E37017-3F29-4F21-B65A-EE121DDE88DE}.Debug|Any CPU.ActiveCfg = Debug|Any CPU
		{34E37017-3F29-4F21-B65A-EE121DDE88DE}.Debug|Any CPU.Build.0 = Debug|Any CPU
		{34E37017-3F29-4F21-B65A-EE121DDE88DE}.Release|Any CPU.ActiveCfg = Release|Any CPU
		{34E37017-3F29-4F21-B65A-EE121DDE88DE}.Release|Any CPU.Build.0 = Release|Any CPU
		{882DC8B7-3598-41D6-B534-B761BF1A43F0}.Debug|Any CPU.ActiveCfg = Debug|Any CPU
		{882DC8B7-3598-41D6-B534-B761BF1A43F0}.Debug|Any CPU.Build.0 = Debug|Any CPU
		{882DC8B7-3598-41D6-B534-B761BF1A43F0}.Release|Any CPU.ActiveCfg = Release|Any CPU
		{882DC8B7-3598-41D6-B534-B761BF1A43F0}.Release|Any CPU.Build.0 = Release|Any CPU
		{7F47B3CD-7FFE-4D5A-B7A8-CACC662B28E8}.Debug|Any CPU.ActiveCfg = Debug|Any CPU
		{7F47B3CD-7FFE-4D5A-B7A8-CACC662B28E8}.Debug|Any CPU.Build.0 = Debug|Any CPU
		{7F47B3CD-7FFE-4D5A-B7A8-CACC662B28E8}.Release|Any CPU.ActiveCfg = Release|Any CPU
		{7F47B3CD-7FFE-4D5A-B7A8-CACC662B28E8}.Release|Any CPU.Build.0 = Release|Any CPU
		{FF7878F9-CAA1-4FEA-AC88-D057FD9C1DD3}.Debug|Any CPU.ActiveCfg = Debug|Any CPU
		{FF7878F9-CAA1-4FEA-AC88-D057FD9C1DD3}.Debug|Any CPU.Build.0 = Debug|Any CPU
		{FF7878F9-CAA1-4FEA-AC88-D057FD9C1DD3}.Release|Any CPU.ActiveCfg = Release|Any CPU
		{FF7878F9-CAA1-4FEA-AC88-D057FD9C1DD3}.Release|Any CPU.Build.0 = Release|Any CPU
		{0DFE89D8-6455-456F-9587-DB47496A641C}.Debug|Any CPU.ActiveCfg = Debug|Any CPU
		{0DFE89D8-6455-456F-9587-DB47496A641C}.Debug|Any CPU.Build.0 = Debug|Any CPU
		{0DFE89D8-6455-456F-9587-DB47496A641C}.Release|Any CPU.ActiveCfg = Release|Any CPU
		{0DFE89D8-6455-456F-9587-DB47496A641C}.Release|Any CPU.Build.0 = Release|Any CPU
		{C3BC75C7-420B-43D1-A612-05114E38C9AA}.Debug|Any CPU.ActiveCfg = Debug|Any CPU
		{C3BC75C7-420B-43D1-A612-05114E38C9AA}.Debug|Any CPU.Build.0 = Debug|Any CPU
		{C3BC75C7-420B-43D1-A612-05114E38C9AA}.Release|Any CPU.ActiveCfg = Release|Any CPU
		{C3BC75C7-420B-43D1-A612-05114E38C9AA}.Release|Any CPU.Build.0 = Release|Any CPU
		{A602878B-F3F1-4635-A6E7-06F92F0E0E49}.Debug|Any CPU.ActiveCfg = Debug|Any CPU
		{A602878B-F3F1-4635-A6E7-06F92F0E0E49}.Debug|Any CPU.Build.0 = Debug|Any CPU
		{A602878B-F3F1-4635-A6E7-06F92F0E0E49}.Release|Any CPU.ActiveCfg = Release|Any CPU
		{A602878B-F3F1-4635-A6E7-06F92F0E0E49}.Release|Any CPU.Build.0 = Release|Any CPU
		{6EB1882A-2936-4ADA-9143-867FF4E083C7}.Debug|Any CPU.ActiveCfg = Debug|Any CPU
		{6EB1882A-2936-4ADA-9143-867FF4E083C7}.Debug|Any CPU.Build.0 = Debug|Any CPU
		{6EB1882A-2936-4ADA-9143-867FF4E083C7}.Release|Any CPU.ActiveCfg = Release|Any CPU
		{6EB1882A-2936-4ADA-9143-867FF4E083C7}.Release|Any CPU.Build.0 = Release|Any CPU
		{A5F05DDD-3DDE-44E4-A00B-CDFAEF32CA2A}.Debug|Any CPU.ActiveCfg = Debug|Any CPU
		{A5F05DDD-3DDE-44E4-A00B-CDFAEF32CA2A}.Debug|Any CPU.Build.0 = Debug|Any CPU
		{A5F05DDD-3DDE-44E4-A00B-CDFAEF32CA2A}.Release|Any CPU.ActiveCfg = Release|Any CPU
		{A5F05DDD-3DDE-44E4-A00B-CDFAEF32CA2A}.Release|Any CPU.Build.0 = Release|Any CPU
		{86B2C7A4-BCA8-4CB5-A51C-58B4C1B1B152}.Debug|Any CPU.ActiveCfg = Debug|Any CPU
		{86B2C7A4-BCA8-4CB5-A51C-58B4C1B1B152}.Debug|Any CPU.Build.0 = Debug|Any CPU
		{86B2C7A4-BCA8-4CB5-A51C-58B4C1B1B152}.Release|Any CPU.ActiveCfg = Release|Any CPU
		{86B2C7A4-BCA8-4CB5-A51C-58B4C1B1B152}.Release|Any CPU.Build.0 = Release|Any CPU
		{752D6869-BD1F-4DEC-B1FF-F382C2754210}.Debug|Any CPU.ActiveCfg = Debug|Any CPU
		{752D6869-BD1F-4DEC-B1FF-F382C2754210}.Debug|Any CPU.Build.0 = Debug|Any CPU
		{752D6869-BD1F-4DEC-B1FF-F382C2754210}.Release|Any CPU.ActiveCfg = Release|Any CPU
		{752D6869-BD1F-4DEC-B1FF-F382C2754210}.Release|Any CPU.Build.0 = Release|Any CPU
		{3E7E7B4A-DECF-44CD-867D-D1C38752473C}.Debug|Any CPU.ActiveCfg = Debug|Any CPU
		{3E7E7B4A-DECF-44CD-867D-D1C38752473C}.Debug|Any CPU.Build.0 = Debug|Any CPU
		{3E7E7B4A-DECF-44CD-867D-D1C38752473C}.Release|Any CPU.ActiveCfg = Release|Any CPU
		{3E7E7B4A-DECF-44CD-867D-D1C38752473C}.Release|Any CPU.Build.0 = Release|Any CPU
		{8C7669D9-BCF9-4B3B-AA2E-BCD028C79DF2}.Debug|Any CPU.ActiveCfg = Debug|Any CPU
		{8C7669D9-BCF9-4B3B-AA2E-BCD028C79DF2}.Debug|Any CPU.Build.0 = Debug|Any CPU
		{8C7669D9-BCF9-4B3B-AA2E-BCD028C79DF2}.Release|Any CPU.ActiveCfg = Release|Any CPU
		{8C7669D9-BCF9-4B3B-AA2E-BCD028C79DF2}.Release|Any CPU.Build.0 = Release|Any CPU
		{CACED8B6-49BF-4FA5-ACBA-A046BE63D381}.Debug|Any CPU.ActiveCfg = Debug|Any CPU
		{CACED8B6-49BF-4FA5-ACBA-A046BE63D381}.Debug|Any CPU.Build.0 = Debug|Any CPU
		{CACED8B6-49BF-4FA5-ACBA-A046BE63D381}.Release|Any CPU.ActiveCfg = Release|Any CPU
		{CACED8B6-49BF-4FA5-ACBA-A046BE63D381}.Release|Any CPU.Build.0 = Release|Any CPU
		{AC53A1E4-6EC4-498C-96B6-4E30E33CC66A}.Debug|Any CPU.ActiveCfg = Debug|Any CPU
		{AC53A1E4-6EC4-498C-96B6-4E30E33CC66A}.Debug|Any CPU.Build.0 = Debug|Any CPU
		{AC53A1E4-6EC4-498C-96B6-4E30E33CC66A}.Release|Any CPU.ActiveCfg = Release|Any CPU
		{AC53A1E4-6EC4-498C-96B6-4E30E33CC66A}.Release|Any CPU.Build.0 = Release|Any CPU
		{6F098C7B-3F07-4F9F-B6B5-555940462CCC}.Debug|Any CPU.ActiveCfg = Debug|Any CPU
		{6F098C7B-3F07-4F9F-B6B5-555940462CCC}.Debug|Any CPU.Build.0 = Debug|Any CPU
		{6F098C7B-3F07-4F9F-B6B5-555940462CCC}.Release|Any CPU.ActiveCfg = Release|Any CPU
		{6F098C7B-3F07-4F9F-B6B5-555940462CCC}.Release|Any CPU.Build.0 = Release|Any CPU
		{DFE599E0-F45C-4762-9ED8-FD2CD5767A1A}.Debug|Any CPU.ActiveCfg = Debug|Any CPU
		{DFE599E0-F45C-4762-9ED8-FD2CD5767A1A}.Debug|Any CPU.Build.0 = Debug|Any CPU
		{DFE599E0-F45C-4762-9ED8-FD2CD5767A1A}.Release|Any CPU.ActiveCfg = Release|Any CPU
		{DFE599E0-F45C-4762-9ED8-FD2CD5767A1A}.Release|Any CPU.Build.0 = Release|Any CPU
		{2B89BE74-C246-4217-B5C8-829487DA45FC}.Debug|Any CPU.ActiveCfg = Debug|Any CPU
		{2B89BE74-C246-4217-B5C8-829487DA45FC}.Debug|Any CPU.Build.0 = Debug|Any CPU
		{2B89BE74-C246-4217-B5C8-829487DA45FC}.Release|Any CPU.ActiveCfg = Release|Any CPU
		{2B89BE74-C246-4217-B5C8-829487DA45FC}.Release|Any CPU.Build.0 = Release|Any CPU
		{4A2E8D50-290E-4607-934D-95E08C1C3F89}.Debug|Any CPU.ActiveCfg = Debug|Any CPU
		{4A2E8D50-290E-4607-934D-95E08C1C3F89}.Debug|Any CPU.Build.0 = Debug|Any CPU
		{4A2E8D50-290E-4607-934D-95E08C1C3F89}.Release|Any CPU.ActiveCfg = Release|Any CPU
		{4A2E8D50-290E-4607-934D-95E08C1C3F89}.Release|Any CPU.Build.0 = Release|Any CPU
		{FC04BA58-6F2F-41F3-9776-C6851C607AE6}.Debug|Any CPU.ActiveCfg = Debug|Any CPU
		{FC04BA58-6F2F-41F3-9776-C6851C607AE6}.Debug|Any CPU.Build.0 = Debug|Any CPU
		{FC04BA58-6F2F-41F3-9776-C6851C607AE6}.Release|Any CPU.ActiveCfg = Release|Any CPU
		{FC04BA58-6F2F-41F3-9776-C6851C607AE6}.Release|Any CPU.Build.0 = Release|Any CPU
		{1A1B0162-042A-4F27-B018-32F77591700D}.Debug|Any CPU.ActiveCfg = Debug|Any CPU
		{1A1B0162-042A-4F27-B018-32F77591700D}.Debug|Any CPU.Build.0 = Debug|Any CPU
		{1A1B0162-042A-4F27-B018-32F77591700D}.Release|Any CPU.ActiveCfg = Release|Any CPU
		{1A1B0162-042A-4F27-B018-32F77591700D}.Release|Any CPU.Build.0 = Release|Any CPU
		{935E70D8-A112-4738-B8E6-56163EDDF70A}.Debug|Any CPU.ActiveCfg = Debug|Any CPU
		{935E70D8-A112-4738-B8E6-56163EDDF70A}.Debug|Any CPU.Build.0 = Debug|Any CPU
		{935E70D8-A112-4738-B8E6-56163EDDF70A}.Release|Any CPU.ActiveCfg = Release|Any CPU
		{935E70D8-A112-4738-B8E6-56163EDDF70A}.Release|Any CPU.Build.0 = Release|Any CPU
		{09BBCA94-6C70-4D9C-9585-65E59D3D9EE7}.Debug|Any CPU.ActiveCfg = Debug|Any CPU
		{09BBCA94-6C70-4D9C-9585-65E59D3D9EE7}.Debug|Any CPU.Build.0 = Debug|Any CPU
		{09BBCA94-6C70-4D9C-9585-65E59D3D9EE7}.Release|Any CPU.ActiveCfg = Release|Any CPU
		{09BBCA94-6C70-4D9C-9585-65E59D3D9EE7}.Release|Any CPU.Build.0 = Release|Any CPU
		{377930D1-1422-4692-862E-C7F01833C4E4}.Debug|Any CPU.ActiveCfg = Debug|Any CPU
		{377930D1-1422-4692-862E-C7F01833C4E4}.Debug|Any CPU.Build.0 = Debug|Any CPU
		{377930D1-1422-4692-862E-C7F01833C4E4}.Release|Any CPU.ActiveCfg = Release|Any CPU
		{377930D1-1422-4692-862E-C7F01833C4E4}.Release|Any CPU.Build.0 = Release|Any CPU
		{D6EF0F66-F36B-412D-8878-8B403F649379}.Debug|Any CPU.ActiveCfg = Debug|Any CPU
		{D6EF0F66-F36B-412D-8878-8B403F649379}.Debug|Any CPU.Build.0 = Debug|Any CPU
		{D6EF0F66-F36B-412D-8878-8B403F649379}.Release|Any CPU.ActiveCfg = Release|Any CPU
		{D6EF0F66-F36B-412D-8878-8B403F649379}.Release|Any CPU.Build.0 = Release|Any CPU
		{D56060E8-B9CF-44BF-A599-D238DC3E717A}.Debug|Any CPU.ActiveCfg = Debug|Any CPU
		{D56060E8-B9CF-44BF-A599-D238DC3E717A}.Debug|Any CPU.Build.0 = Debug|Any CPU
		{D56060E8-B9CF-44BF-A599-D238DC3E717A}.Release|Any CPU.ActiveCfg = Release|Any CPU
		{D56060E8-B9CF-44BF-A599-D238DC3E717A}.Release|Any CPU.Build.0 = Release|Any CPU
		{71BD7D18-393C-4CE1-8824-50C5B62EE69F}.Debug|Any CPU.ActiveCfg = Debug|Any CPU
		{71BD7D18-393C-4CE1-8824-50C5B62EE69F}.Debug|Any CPU.Build.0 = Debug|Any CPU
		{71BD7D18-393C-4CE1-8824-50C5B62EE69F}.Release|Any CPU.ActiveCfg = Release|Any CPU
		{71BD7D18-393C-4CE1-8824-50C5B62EE69F}.Release|Any CPU.Build.0 = Release|Any CPU
		{B909AFD5-4767-4907-BD2C-C4E1D116A339}.Debug|Any CPU.ActiveCfg = Debug|Any CPU
		{B909AFD5-4767-4907-BD2C-C4E1D116A339}.Debug|Any CPU.Build.0 = Debug|Any CPU
		{B909AFD5-4767-4907-BD2C-C4E1D116A339}.Release|Any CPU.ActiveCfg = Release|Any CPU
		{B909AFD5-4767-4907-BD2C-C4E1D116A339}.Release|Any CPU.Build.0 = Release|Any CPU
		{E5C958C4-B1CF-49D1-8C7F-77E3DE1950C9}.Debug|Any CPU.ActiveCfg = Debug|Any CPU
		{E5C958C4-B1CF-49D1-8C7F-77E3DE1950C9}.Debug|Any CPU.Build.0 = Debug|Any CPU
		{E5C958C4-B1CF-49D1-8C7F-77E3DE1950C9}.Release|Any CPU.ActiveCfg = Release|Any CPU
		{E5C958C4-B1CF-49D1-8C7F-77E3DE1950C9}.Release|Any CPU.Build.0 = Release|Any CPU
		{DA659BFB-80CF-4EF0-A243-664AEC450B88}.Debug|Any CPU.ActiveCfg = Debug|Any CPU
		{DA659BFB-80CF-4EF0-A243-664AEC450B88}.Debug|Any CPU.Build.0 = Debug|Any CPU
		{DA659BFB-80CF-4EF0-A243-664AEC450B88}.Release|Any CPU.ActiveCfg = Release|Any CPU
		{DA659BFB-80CF-4EF0-A243-664AEC450B88}.Release|Any CPU.Build.0 = Release|Any CPU
		{8918F594-1F4D-4F21-AE88-9A71A576B8E7}.Debug|Any CPU.ActiveCfg = Debug|Any CPU
		{8918F594-1F4D-4F21-AE88-9A71A576B8E7}.Debug|Any CPU.Build.0 = Debug|Any CPU
		{8918F594-1F4D-4F21-AE88-9A71A576B8E7}.Release|Any CPU.ActiveCfg = Release|Any CPU
		{8918F594-1F4D-4F21-AE88-9A71A576B8E7}.Release|Any CPU.Build.0 = Release|Any CPU
		{750DA175-4D96-4588-935E-44A47CC14530}.Debug|Any CPU.ActiveCfg = Debug|Any CPU
		{750DA175-4D96-4588-935E-44A47CC14530}.Debug|Any CPU.Build.0 = Debug|Any CPU
		{750DA175-4D96-4588-935E-44A47CC14530}.Release|Any CPU.ActiveCfg = Release|Any CPU
		{750DA175-4D96-4588-935E-44A47CC14530}.Release|Any CPU.Build.0 = Release|Any CPU
		{F61D2DEC-6AC0-4767-A361-54945374736C}.Debug|Any CPU.ActiveCfg = Debug|Any CPU
		{F61D2DEC-6AC0-4767-A361-54945374736C}.Debug|Any CPU.Build.0 = Debug|Any CPU
		{F61D2DEC-6AC0-4767-A361-54945374736C}.Release|Any CPU.ActiveCfg = Release|Any CPU
		{F61D2DEC-6AC0-4767-A361-54945374736C}.Release|Any CPU.Build.0 = Release|Any CPU
		{825133E3-A146-42EE-A162-16F2283C3083}.Debug|Any CPU.ActiveCfg = Debug|Any CPU
		{825133E3-A146-42EE-A162-16F2283C3083}.Debug|Any CPU.Build.0 = Debug|Any CPU
		{825133E3-A146-42EE-A162-16F2283C3083}.Release|Any CPU.ActiveCfg = Release|Any CPU
		{825133E3-A146-42EE-A162-16F2283C3083}.Release|Any CPU.Build.0 = Release|Any CPU
		{20A23642-884D-40BC-A022-97A92BCFA494}.Debug|Any CPU.ActiveCfg = Debug|Any CPU
		{20A23642-884D-40BC-A022-97A92BCFA494}.Debug|Any CPU.Build.0 = Debug|Any CPU
		{20A23642-884D-40BC-A022-97A92BCFA494}.Release|Any CPU.ActiveCfg = Release|Any CPU
		{20A23642-884D-40BC-A022-97A92BCFA494}.Release|Any CPU.Build.0 = Release|Any CPU
		{FD9F709C-241F-4B95-82D8-76DCB0316FE0}.Debug|Any CPU.ActiveCfg = Debug|Any CPU
		{FD9F709C-241F-4B95-82D8-76DCB0316FE0}.Debug|Any CPU.Build.0 = Debug|Any CPU
		{FD9F709C-241F-4B95-82D8-76DCB0316FE0}.Release|Any CPU.ActiveCfg = Release|Any CPU
		{FD9F709C-241F-4B95-82D8-76DCB0316FE0}.Release|Any CPU.Build.0 = Release|Any CPU
		{6D620703-F623-4689-8F22-9C1E09F8BDA9}.Debug|Any CPU.ActiveCfg = Debug|Any CPU
		{6D620703-F623-4689-8F22-9C1E09F8BDA9}.Debug|Any CPU.Build.0 = Debug|Any CPU
		{6D620703-F623-4689-8F22-9C1E09F8BDA9}.Release|Any CPU.ActiveCfg = Release|Any CPU
		{6D620703-F623-4689-8F22-9C1E09F8BDA9}.Release|Any CPU.Build.0 = Release|Any CPU
		{7F480690-3E0F-48BA-A85B-384F9D9DD8AE}.Debug|Any CPU.ActiveCfg = Debug|Any CPU
		{7F480690-3E0F-48BA-A85B-384F9D9DD8AE}.Debug|Any CPU.Build.0 = Debug|Any CPU
		{7F480690-3E0F-48BA-A85B-384F9D9DD8AE}.Release|Any CPU.ActiveCfg = Release|Any CPU
		{7F480690-3E0F-48BA-A85B-384F9D9DD8AE}.Release|Any CPU.Build.0 = Release|Any CPU
		{F0985203-70CC-4503-ADD9-692289854CD4}.Debug|Any CPU.ActiveCfg = Debug|Any CPU
		{F0985203-70CC-4503-ADD9-692289854CD4}.Debug|Any CPU.Build.0 = Debug|Any CPU
		{F0985203-70CC-4503-ADD9-692289854CD4}.Release|Any CPU.ActiveCfg = Release|Any CPU
		{F0985203-70CC-4503-ADD9-692289854CD4}.Release|Any CPU.Build.0 = Release|Any CPU
		{5C384559-4376-462C-82E8-AE13EBD51ABF}.Debug|Any CPU.ActiveCfg = Debug|Any CPU
		{5C384559-4376-462C-82E8-AE13EBD51ABF}.Debug|Any CPU.Build.0 = Debug|Any CPU
		{5C384559-4376-462C-82E8-AE13EBD51ABF}.Release|Any CPU.ActiveCfg = Release|Any CPU
		{5C384559-4376-462C-82E8-AE13EBD51ABF}.Release|Any CPU.Build.0 = Release|Any CPU
		{6C3F3F46-736F-493F-AA82-75EC0DB86126}.Debug|Any CPU.ActiveCfg = Debug|Any CPU
		{6C3F3F46-736F-493F-AA82-75EC0DB86126}.Debug|Any CPU.Build.0 = Debug|Any CPU
		{6C3F3F46-736F-493F-AA82-75EC0DB86126}.Release|Any CPU.ActiveCfg = Release|Any CPU
		{6C3F3F46-736F-493F-AA82-75EC0DB86126}.Release|Any CPU.Build.0 = Release|Any CPU
		{058AEE57-F087-4C13-9ECB-9F1F02D353E7}.Debug|Any CPU.ActiveCfg = Debug|Any CPU
		{058AEE57-F087-4C13-9ECB-9F1F02D353E7}.Debug|Any CPU.Build.0 = Debug|Any CPU
		{058AEE57-F087-4C13-9ECB-9F1F02D353E7}.Release|Any CPU.ActiveCfg = Release|Any CPU
		{058AEE57-F087-4C13-9ECB-9F1F02D353E7}.Release|Any CPU.Build.0 = Release|Any CPU
		{7CCD8709-DEFC-44AA-9036-E2AADFB958D9}.Debug|Any CPU.ActiveCfg = Debug|Any CPU
		{7CCD8709-DEFC-44AA-9036-E2AADFB958D9}.Debug|Any CPU.Build.0 = Debug|Any CPU
		{7CCD8709-DEFC-44AA-9036-E2AADFB958D9}.Release|Any CPU.ActiveCfg = Release|Any CPU
		{7CCD8709-DEFC-44AA-9036-E2AADFB958D9}.Release|Any CPU.Build.0 = Release|Any CPU
		{B7E41462-FD58-45D7-9185-0A1A0C817C29}.Debug|Any CPU.ActiveCfg = Debug|Any CPU
		{B7E41462-FD58-45D7-9185-0A1A0C817C29}.Debug|Any CPU.Build.0 = Debug|Any CPU
		{B7E41462-FD58-45D7-9185-0A1A0C817C29}.Release|Any CPU.ActiveCfg = Release|Any CPU
		{B7E41462-FD58-45D7-9185-0A1A0C817C29}.Release|Any CPU.Build.0 = Release|Any CPU
		{9F76B02B-9468-4D0D-AFED-00E1A0EDE7BE}.Debug|Any CPU.ActiveCfg = Debug|Any CPU
		{9F76B02B-9468-4D0D-AFED-00E1A0EDE7BE}.Debug|Any CPU.Build.0 = Debug|Any CPU
		{9F76B02B-9468-4D0D-AFED-00E1A0EDE7BE}.Release|Any CPU.ActiveCfg = Release|Any CPU
		{9F76B02B-9468-4D0D-AFED-00E1A0EDE7BE}.Release|Any CPU.Build.0 = Release|Any CPU
		{2016FDF5-756A-430D-8283-00972FBD2BD1}.Debug|Any CPU.ActiveCfg = Debug|Any CPU
		{2016FDF5-756A-430D-8283-00972FBD2BD1}.Debug|Any CPU.Build.0 = Debug|Any CPU
		{2016FDF5-756A-430D-8283-00972FBD2BD1}.Release|Any CPU.ActiveCfg = Release|Any CPU
		{2016FDF5-756A-430D-8283-00972FBD2BD1}.Release|Any CPU.Build.0 = Release|Any CPU
		{EB8B28BC-4027-425C-A83F-BBC478464F49}.Debug|Any CPU.ActiveCfg = Debug|Any CPU
		{EB8B28BC-4027-425C-A83F-BBC478464F49}.Debug|Any CPU.Build.0 = Debug|Any CPU
		{EB8B28BC-4027-425C-A83F-BBC478464F49}.Release|Any CPU.ActiveCfg = Release|Any CPU
		{EB8B28BC-4027-425C-A83F-BBC478464F49}.Release|Any CPU.Build.0 = Release|Any CPU
		{7A21A116-D970-4A0E-9EC2-41B2D4D5BF93}.Debug|Any CPU.ActiveCfg = Debug|Any CPU
		{7A21A116-D970-4A0E-9EC2-41B2D4D5BF93}.Debug|Any CPU.Build.0 = Debug|Any CPU
		{7A21A116-D970-4A0E-9EC2-41B2D4D5BF93}.Release|Any CPU.ActiveCfg = Release|Any CPU
		{7A21A116-D970-4A0E-9EC2-41B2D4D5BF93}.Release|Any CPU.Build.0 = Release|Any CPU
		{7B33747F-8A0D-45C1-AA88-F26E59AE0D27}.Debug|Any CPU.ActiveCfg = Debug|Any CPU
		{7B33747F-8A0D-45C1-AA88-F26E59AE0D27}.Debug|Any CPU.Build.0 = Debug|Any CPU
		{7B33747F-8A0D-45C1-AA88-F26E59AE0D27}.Release|Any CPU.ActiveCfg = Release|Any CPU
		{7B33747F-8A0D-45C1-AA88-F26E59AE0D27}.Release|Any CPU.Build.0 = Release|Any CPU
		{00ED7314-FC54-43B0-892C-FFFF4F1DB0A6}.Debug|Any CPU.ActiveCfg = Debug|Any CPU
		{00ED7314-FC54-43B0-892C-FFFF4F1DB0A6}.Debug|Any CPU.Build.0 = Debug|Any CPU
		{00ED7314-FC54-43B0-892C-FFFF4F1DB0A6}.Release|Any CPU.ActiveCfg = Release|Any CPU
		{00ED7314-FC54-43B0-892C-FFFF4F1DB0A6}.Release|Any CPU.Build.0 = Release|Any CPU
		{5482EC74-0304-483D-88F8-F05F242963DD}.Debug|Any CPU.ActiveCfg = Debug|Any CPU
		{5482EC74-0304-483D-88F8-F05F242963DD}.Debug|Any CPU.Build.0 = Debug|Any CPU
		{5482EC74-0304-483D-88F8-F05F242963DD}.Release|Any CPU.ActiveCfg = Release|Any CPU
		{5482EC74-0304-483D-88F8-F05F242963DD}.Release|Any CPU.Build.0 = Release|Any CPU
		{A8449836-AD08-4559-913C-EEF5319599C7}.Debug|Any CPU.ActiveCfg = Debug|Any CPU
		{A8449836-AD08-4559-913C-EEF5319599C7}.Debug|Any CPU.Build.0 = Debug|Any CPU
		{A8449836-AD08-4559-913C-EEF5319599C7}.Release|Any CPU.ActiveCfg = Release|Any CPU
		{A8449836-AD08-4559-913C-EEF5319599C7}.Release|Any CPU.Build.0 = Release|Any CPU
		{D3EDFC51-7AC2-4F1E-BB70-37974317C9F3}.Debug|Any CPU.ActiveCfg = Debug|Any CPU
		{D3EDFC51-7AC2-4F1E-BB70-37974317C9F3}.Debug|Any CPU.Build.0 = Debug|Any CPU
		{D3EDFC51-7AC2-4F1E-BB70-37974317C9F3}.Release|Any CPU.ActiveCfg = Release|Any CPU
		{D3EDFC51-7AC2-4F1E-BB70-37974317C9F3}.Release|Any CPU.Build.0 = Release|Any CPU
		{B9C2C5F4-5DA7-4E3C-9089-28F3060938F2}.Debug|Any CPU.ActiveCfg = Debug|Any CPU
		{B9C2C5F4-5DA7-4E3C-9089-28F3060938F2}.Debug|Any CPU.Build.0 = Debug|Any CPU
		{B9C2C5F4-5DA7-4E3C-9089-28F3060938F2}.Release|Any CPU.ActiveCfg = Release|Any CPU
		{B9C2C5F4-5DA7-4E3C-9089-28F3060938F2}.Release|Any CPU.Build.0 = Release|Any CPU
		{CA297E98-421E-4716-ACC3-917CC8FEE628}.Debug|Any CPU.ActiveCfg = Debug|Any CPU
		{CA297E98-421E-4716-ACC3-917CC8FEE628}.Debug|Any CPU.Build.0 = Debug|Any CPU
		{CA297E98-421E-4716-ACC3-917CC8FEE628}.Release|Any CPU.ActiveCfg = Release|Any CPU
		{CA297E98-421E-4716-ACC3-917CC8FEE628}.Release|Any CPU.Build.0 = Release|Any CPU
		{6FE9986D-6721-43D5-9D18-5DF85558FC1D}.Debug|Any CPU.ActiveCfg = Debug|Any CPU
		{6FE9986D-6721-43D5-9D18-5DF85558FC1D}.Debug|Any CPU.Build.0 = Debug|Any CPU
		{6FE9986D-6721-43D5-9D18-5DF85558FC1D}.Release|Any CPU.ActiveCfg = Release|Any CPU
		{6FE9986D-6721-43D5-9D18-5DF85558FC1D}.Release|Any CPU.Build.0 = Release|Any CPU
		{E7378A36-19A8-4E80-9D26-7239320E7D1B}.Debug|Any CPU.ActiveCfg = Debug|Any CPU
		{E7378A36-19A8-4E80-9D26-7239320E7D1B}.Debug|Any CPU.Build.0 = Debug|Any CPU
		{E7378A36-19A8-4E80-9D26-7239320E7D1B}.Release|Any CPU.ActiveCfg = Release|Any CPU
		{E7378A36-19A8-4E80-9D26-7239320E7D1B}.Release|Any CPU.Build.0 = Release|Any CPU
		{60C2746F-6CB0-4AEB-92BD-43DABAC57B46}.Debug|Any CPU.ActiveCfg = Debug|Any CPU
		{60C2746F-6CB0-4AEB-92BD-43DABAC57B46}.Debug|Any CPU.Build.0 = Debug|Any CPU
		{60C2746F-6CB0-4AEB-92BD-43DABAC57B46}.Release|Any CPU.ActiveCfg = Release|Any CPU
		{60C2746F-6CB0-4AEB-92BD-43DABAC57B46}.Release|Any CPU.Build.0 = Release|Any CPU
		{C7A78E1A-6037-4AE9-8746-1E8D141881EF}.Debug|Any CPU.ActiveCfg = Debug|Any CPU
		{C7A78E1A-6037-4AE9-8746-1E8D141881EF}.Debug|Any CPU.Build.0 = Debug|Any CPU
		{C7A78E1A-6037-4AE9-8746-1E8D141881EF}.Release|Any CPU.ActiveCfg = Release|Any CPU
		{C7A78E1A-6037-4AE9-8746-1E8D141881EF}.Release|Any CPU.Build.0 = Release|Any CPU
		{9BCF45B6-3AD0-4F26-95B5-E3C0E03480B5}.Debug|Any CPU.ActiveCfg = Debug|Any CPU
		{9BCF45B6-3AD0-4F26-95B5-E3C0E03480B5}.Debug|Any CPU.Build.0 = Debug|Any CPU
		{9BCF45B6-3AD0-4F26-95B5-E3C0E03480B5}.Release|Any CPU.ActiveCfg = Release|Any CPU
		{9BCF45B6-3AD0-4F26-95B5-E3C0E03480B5}.Release|Any CPU.Build.0 = Release|Any CPU
		{3D2169D6-DA55-4BDA-A063-DE41E08D8CEB}.Debug|Any CPU.ActiveCfg = Debug|Any CPU
		{3D2169D6-DA55-4BDA-A063-DE41E08D8CEB}.Debug|Any CPU.Build.0 = Debug|Any CPU
		{3D2169D6-DA55-4BDA-A063-DE41E08D8CEB}.Release|Any CPU.ActiveCfg = Release|Any CPU
		{3D2169D6-DA55-4BDA-A063-DE41E08D8CEB}.Release|Any CPU.Build.0 = Release|Any CPU
		{59C456A1-3AE3-49CE-8A4B-9D57E362DCF7}.Debug|Any CPU.ActiveCfg = Debug|Any CPU
		{59C456A1-3AE3-49CE-8A4B-9D57E362DCF7}.Debug|Any CPU.Build.0 = Debug|Any CPU
		{59C456A1-3AE3-49CE-8A4B-9D57E362DCF7}.Release|Any CPU.ActiveCfg = Release|Any CPU
		{59C456A1-3AE3-49CE-8A4B-9D57E362DCF7}.Release|Any CPU.Build.0 = Release|Any CPU
		{ADBC3990-6D13-4900-9E6C-28D70BEF9D5A}.Debug|Any CPU.ActiveCfg = Debug|Any CPU
		{ADBC3990-6D13-4900-9E6C-28D70BEF9D5A}.Debug|Any CPU.Build.0 = Debug|Any CPU
		{ADBC3990-6D13-4900-9E6C-28D70BEF9D5A}.Release|Any CPU.ActiveCfg = Release|Any CPU
		{ADBC3990-6D13-4900-9E6C-28D70BEF9D5A}.Release|Any CPU.Build.0 = Release|Any CPU
		{DFA4CA57-52DB-4936-A7B8-53878F53D1A1}.Debug|Any CPU.ActiveCfg = Debug|Any CPU
		{DFA4CA57-52DB-4936-A7B8-53878F53D1A1}.Debug|Any CPU.Build.0 = Debug|Any CPU
		{DFA4CA57-52DB-4936-A7B8-53878F53D1A1}.Release|Any CPU.ActiveCfg = Release|Any CPU
		{DFA4CA57-52DB-4936-A7B8-53878F53D1A1}.Release|Any CPU.Build.0 = Release|Any CPU
		{2BD79BB5-F966-402D-8EF5-BE956402E65C}.Debug|Any CPU.ActiveCfg = Debug|Any CPU
		{2BD79BB5-F966-402D-8EF5-BE956402E65C}.Debug|Any CPU.Build.0 = Debug|Any CPU
		{2BD79BB5-F966-402D-8EF5-BE956402E65C}.Release|Any CPU.ActiveCfg = Release|Any CPU
		{2BD79BB5-F966-402D-8EF5-BE956402E65C}.Release|Any CPU.Build.0 = Release|Any CPU
		{5AD59B85-5638-4F06-8F4A-57305B5E376E}.Debug|Any CPU.ActiveCfg = Debug|Any CPU
		{5AD59B85-5638-4F06-8F4A-57305B5E376E}.Debug|Any CPU.Build.0 = Debug|Any CPU
		{5AD59B85-5638-4F06-8F4A-57305B5E376E}.Release|Any CPU.ActiveCfg = Release|Any CPU
		{5AD59B85-5638-4F06-8F4A-57305B5E376E}.Release|Any CPU.Build.0 = Release|Any CPU
		{7130A9AD-CA66-4759-B5F8-3A7F336E4C53}.Debug|Any CPU.ActiveCfg = Debug|Any CPU
		{7130A9AD-CA66-4759-B5F8-3A7F336E4C53}.Debug|Any CPU.Build.0 = Debug|Any CPU
		{7130A9AD-CA66-4759-B5F8-3A7F336E4C53}.Release|Any CPU.ActiveCfg = Release|Any CPU
		{7130A9AD-CA66-4759-B5F8-3A7F336E4C53}.Release|Any CPU.Build.0 = Release|Any CPU
		{7C1588CE-E79D-4961-A0D9-CA480783416A}.Debug|Any CPU.ActiveCfg = Debug|Any CPU
		{7C1588CE-E79D-4961-A0D9-CA480783416A}.Debug|Any CPU.Build.0 = Debug|Any CPU
		{7C1588CE-E79D-4961-A0D9-CA480783416A}.Release|Any CPU.ActiveCfg = Release|Any CPU
		{7C1588CE-E79D-4961-A0D9-CA480783416A}.Release|Any CPU.Build.0 = Release|Any CPU
		{793A4D62-5349-41FF-8AB5-A46D363E88AB}.Debug|Any CPU.ActiveCfg = Debug|Any CPU
		{793A4D62-5349-41FF-8AB5-A46D363E88AB}.Debug|Any CPU.Build.0 = Debug|Any CPU
		{793A4D62-5349-41FF-8AB5-A46D363E88AB}.Release|Any CPU.ActiveCfg = Release|Any CPU
		{793A4D62-5349-41FF-8AB5-A46D363E88AB}.Release|Any CPU.Build.0 = Release|Any CPU
		{8456EF08-8AB5-472B-B198-FFECFF9DEDB8}.Debug|Any CPU.ActiveCfg = Debug|Any CPU
		{8456EF08-8AB5-472B-B198-FFECFF9DEDB8}.Debug|Any CPU.Build.0 = Debug|Any CPU
		{8456EF08-8AB5-472B-B198-FFECFF9DEDB8}.Release|Any CPU.ActiveCfg = Release|Any CPU
		{8456EF08-8AB5-472B-B198-FFECFF9DEDB8}.Release|Any CPU.Build.0 = Release|Any CPU
		{CD5FAC55-912B-477C-9CE6-75AD830C6B58}.Debug|Any CPU.ActiveCfg = Debug|Any CPU
		{CD5FAC55-912B-477C-9CE6-75AD830C6B58}.Debug|Any CPU.Build.0 = Debug|Any CPU
		{CD5FAC55-912B-477C-9CE6-75AD830C6B58}.Release|Any CPU.ActiveCfg = Release|Any CPU
		{CD5FAC55-912B-477C-9CE6-75AD830C6B58}.Release|Any CPU.Build.0 = Release|Any CPU
		{7E5DB15C-5E0B-45D3-BB31-FB2C39941AC4}.Debug|Any CPU.ActiveCfg = Debug|Any CPU
		{7E5DB15C-5E0B-45D3-BB31-FB2C39941AC4}.Debug|Any CPU.Build.0 = Debug|Any CPU
		{7E5DB15C-5E0B-45D3-BB31-FB2C39941AC4}.Release|Any CPU.ActiveCfg = Release|Any CPU
		{7E5DB15C-5E0B-45D3-BB31-FB2C39941AC4}.Release|Any CPU.Build.0 = Release|Any CPU
		{B9E7B71C-4911-4465-933A-E7F187A7D267}.Debug|Any CPU.ActiveCfg = Debug|Any CPU
		{B9E7B71C-4911-4465-933A-E7F187A7D267}.Debug|Any CPU.Build.0 = Debug|Any CPU
		{B9E7B71C-4911-4465-933A-E7F187A7D267}.Release|Any CPU.ActiveCfg = Release|Any CPU
		{B9E7B71C-4911-4465-933A-E7F187A7D267}.Release|Any CPU.Build.0 = Release|Any CPU
		{DDFDB2F1-1983-44DD-8EEC-1B9682A6913C}.Debug|Any CPU.ActiveCfg = Debug|Any CPU
		{DDFDB2F1-1983-44DD-8EEC-1B9682A6913C}.Debug|Any CPU.Build.0 = Debug|Any CPU
		{DDFDB2F1-1983-44DD-8EEC-1B9682A6913C}.Release|Any CPU.ActiveCfg = Release|Any CPU
		{DDFDB2F1-1983-44DD-8EEC-1B9682A6913C}.Release|Any CPU.Build.0 = Release|Any CPU
		{412FE072-B507-4509-8B7B-17B0D00097E3}.Debug|Any CPU.ActiveCfg = Debug|Any CPU
		{412FE072-B507-4509-8B7B-17B0D00097E3}.Debug|Any CPU.Build.0 = Debug|Any CPU
		{412FE072-B507-4509-8B7B-17B0D00097E3}.Release|Any CPU.ActiveCfg = Release|Any CPU
		{412FE072-B507-4509-8B7B-17B0D00097E3}.Release|Any CPU.Build.0 = Release|Any CPU
		{8BE6966F-211E-45FA-A48C-7BEF8E7AF8EF}.Debug|Any CPU.ActiveCfg = Debug|Any CPU
		{8BE6966F-211E-45FA-A48C-7BEF8E7AF8EF}.Debug|Any CPU.Build.0 = Debug|Any CPU
		{8BE6966F-211E-45FA-A48C-7BEF8E7AF8EF}.Release|Any CPU.ActiveCfg = Release|Any CPU
		{8BE6966F-211E-45FA-A48C-7BEF8E7AF8EF}.Release|Any CPU.Build.0 = Release|Any CPU
		{F61208D9-3322-480B-9F1D-AE333A392A13}.Debug|Any CPU.ActiveCfg = Debug|Any CPU
		{F61208D9-3322-480B-9F1D-AE333A392A13}.Debug|Any CPU.Build.0 = Debug|Any CPU
		{F61208D9-3322-480B-9F1D-AE333A392A13}.Release|Any CPU.ActiveCfg = Release|Any CPU
		{F61208D9-3322-480B-9F1D-AE333A392A13}.Release|Any CPU.Build.0 = Release|Any CPU
		{9B3B39EA-2609-4D1A-8B87-9C376046DEB4}.Debug|Any CPU.ActiveCfg = Debug|Any CPU
		{9B3B39EA-2609-4D1A-8B87-9C376046DEB4}.Debug|Any CPU.Build.0 = Debug|Any CPU
		{9B3B39EA-2609-4D1A-8B87-9C376046DEB4}.Release|Any CPU.ActiveCfg = Release|Any CPU
		{9B3B39EA-2609-4D1A-8B87-9C376046DEB4}.Release|Any CPU.Build.0 = Release|Any CPU
		{BEDC84E2-A03A-4A4F-A834-BC808369AEF2}.Debug|Any CPU.ActiveCfg = Debug|Any CPU
		{BEDC84E2-A03A-4A4F-A834-BC808369AEF2}.Debug|Any CPU.Build.0 = Debug|Any CPU
		{BEDC84E2-A03A-4A4F-A834-BC808369AEF2}.Release|Any CPU.ActiveCfg = Release|Any CPU
		{BEDC84E2-A03A-4A4F-A834-BC808369AEF2}.Release|Any CPU.Build.0 = Release|Any CPU
		{03A2F322-32ED-4214-B7C8-28792DF0B13A}.Debug|Any CPU.ActiveCfg = Debug|Any CPU
		{03A2F322-32ED-4214-B7C8-28792DF0B13A}.Debug|Any CPU.Build.0 = Debug|Any CPU
		{03A2F322-32ED-4214-B7C8-28792DF0B13A}.Release|Any CPU.ActiveCfg = Release|Any CPU
		{03A2F322-32ED-4214-B7C8-28792DF0B13A}.Release|Any CPU.Build.0 = Release|Any CPU
		{3358B146-06DC-47F6-9C0F-6EE8F70DDF05}.Debug|Any CPU.ActiveCfg = Debug|Any CPU
		{3358B146-06DC-47F6-9C0F-6EE8F70DDF05}.Debug|Any CPU.Build.0 = Debug|Any CPU
		{3358B146-06DC-47F6-9C0F-6EE8F70DDF05}.Release|Any CPU.ActiveCfg = Release|Any CPU
		{3358B146-06DC-47F6-9C0F-6EE8F70DDF05}.Release|Any CPU.Build.0 = Release|Any CPU
		{5CCD4BF6-DF14-46FC-8399-80D1B9B3DFE5}.Debug|Any CPU.ActiveCfg = Debug|Any CPU
		{5CCD4BF6-DF14-46FC-8399-80D1B9B3DFE5}.Debug|Any CPU.Build.0 = Debug|Any CPU
		{5CCD4BF6-DF14-46FC-8399-80D1B9B3DFE5}.Release|Any CPU.ActiveCfg = Release|Any CPU
		{5CCD4BF6-DF14-46FC-8399-80D1B9B3DFE5}.Release|Any CPU.Build.0 = Release|Any CPU
		{084536E4-0DAD-4CC6-9096-B79FBF872E81}.Debug|Any CPU.ActiveCfg = Debug|Any CPU
		{084536E4-0DAD-4CC6-9096-B79FBF872E81}.Debug|Any CPU.Build.0 = Debug|Any CPU
		{084536E4-0DAD-4CC6-9096-B79FBF872E81}.Release|Any CPU.ActiveCfg = Release|Any CPU
		{084536E4-0DAD-4CC6-9096-B79FBF872E81}.Release|Any CPU.Build.0 = Release|Any CPU
		{63AF7E5C-68E7-4AA4-AAFF-D3F3EB50FD80}.Debug|Any CPU.ActiveCfg = Debug|Any CPU
		{63AF7E5C-68E7-4AA4-AAFF-D3F3EB50FD80}.Debug|Any CPU.Build.0 = Debug|Any CPU
		{63AF7E5C-68E7-4AA4-AAFF-D3F3EB50FD80}.Release|Any CPU.ActiveCfg = Release|Any CPU
		{63AF7E5C-68E7-4AA4-AAFF-D3F3EB50FD80}.Release|Any CPU.Build.0 = Release|Any CPU
		{822E26F9-1A34-43F3-A799-C4175C7D3DEC}.Debug|Any CPU.ActiveCfg = Debug|Any CPU
		{822E26F9-1A34-43F3-A799-C4175C7D3DEC}.Debug|Any CPU.Build.0 = Debug|Any CPU
		{822E26F9-1A34-43F3-A799-C4175C7D3DEC}.Release|Any CPU.ActiveCfg = Release|Any CPU
		{822E26F9-1A34-43F3-A799-C4175C7D3DEC}.Release|Any CPU.Build.0 = Release|Any CPU
		{1DFE92D5-E80E-4E2C-9734-D2BDA760C32C}.Debug|Any CPU.ActiveCfg = Debug|Any CPU
		{1DFE92D5-E80E-4E2C-9734-D2BDA760C32C}.Debug|Any CPU.Build.0 = Debug|Any CPU
		{1DFE92D5-E80E-4E2C-9734-D2BDA760C32C}.Release|Any CPU.ActiveCfg = Release|Any CPU
		{1DFE92D5-E80E-4E2C-9734-D2BDA760C32C}.Release|Any CPU.Build.0 = Release|Any CPU
		{F3BA2170-F0EC-40C3-B7AD-03B854C99962}.Debug|Any CPU.ActiveCfg = Debug|Any CPU
		{F3BA2170-F0EC-40C3-B7AD-03B854C99962}.Debug|Any CPU.Build.0 = Debug|Any CPU
		{F3BA2170-F0EC-40C3-B7AD-03B854C99962}.Release|Any CPU.ActiveCfg = Release|Any CPU
		{F3BA2170-F0EC-40C3-B7AD-03B854C99962}.Release|Any CPU.Build.0 = Release|Any CPU
		{060E4103-70F8-4948-8499-A45994CD27F8}.Debug|Any CPU.ActiveCfg = Debug|Any CPU
		{060E4103-70F8-4948-8499-A45994CD27F8}.Debug|Any CPU.Build.0 = Debug|Any CPU
		{060E4103-70F8-4948-8499-A45994CD27F8}.Release|Any CPU.ActiveCfg = Release|Any CPU
		{060E4103-70F8-4948-8499-A45994CD27F8}.Release|Any CPU.Build.0 = Release|Any CPU
		{1586D865-C3FD-443A-8F2F-F53163FBE05C}.Debug|Any CPU.ActiveCfg = Debug|Any CPU
		{1586D865-C3FD-443A-8F2F-F53163FBE05C}.Debug|Any CPU.Build.0 = Debug|Any CPU
		{1586D865-C3FD-443A-8F2F-F53163FBE05C}.Release|Any CPU.ActiveCfg = Release|Any CPU
		{1586D865-C3FD-443A-8F2F-F53163FBE05C}.Release|Any CPU.Build.0 = Release|Any CPU
		{372B97FD-3FBF-4F8D-8FA1-853ADAF809CC}.Debug|Any CPU.ActiveCfg = Debug|Any CPU
		{372B97FD-3FBF-4F8D-8FA1-853ADAF809CC}.Debug|Any CPU.Build.0 = Debug|Any CPU
		{372B97FD-3FBF-4F8D-8FA1-853ADAF809CC}.Release|Any CPU.ActiveCfg = Release|Any CPU
		{372B97FD-3FBF-4F8D-8FA1-853ADAF809CC}.Release|Any CPU.Build.0 = Release|Any CPU
		{996749D2-074E-445D-BA0C-D388F615F0AF}.Debug|Any CPU.ActiveCfg = Debug|Any CPU
		{996749D2-074E-445D-BA0C-D388F615F0AF}.Debug|Any CPU.Build.0 = Debug|Any CPU
		{996749D2-074E-445D-BA0C-D388F615F0AF}.Release|Any CPU.ActiveCfg = Release|Any CPU
		{996749D2-074E-445D-BA0C-D388F615F0AF}.Release|Any CPU.Build.0 = Release|Any CPU
		{3B48703C-7503-4290-B23D-8CE0F929C296}.Debug|Any CPU.ActiveCfg = Debug|Any CPU
		{3B48703C-7503-4290-B23D-8CE0F929C296}.Debug|Any CPU.Build.0 = Debug|Any CPU
		{3B48703C-7503-4290-B23D-8CE0F929C296}.Release|Any CPU.ActiveCfg = Release|Any CPU
		{3B48703C-7503-4290-B23D-8CE0F929C296}.Release|Any CPU.Build.0 = Release|Any CPU
		{521EC864-7AA8-4DCE-B7C4-4E2E2A81638F}.Debug|Any CPU.ActiveCfg = Debug|Any CPU
		{521EC864-7AA8-4DCE-B7C4-4E2E2A81638F}.Debug|Any CPU.Build.0 = Debug|Any CPU
		{521EC864-7AA8-4DCE-B7C4-4E2E2A81638F}.Release|Any CPU.ActiveCfg = Release|Any CPU
		{521EC864-7AA8-4DCE-B7C4-4E2E2A81638F}.Release|Any CPU.Build.0 = Release|Any CPU
		{C8D54654-704A-4A20-AA57-59D48033CE3E}.Debug|Any CPU.ActiveCfg = Debug|Any CPU
		{C8D54654-704A-4A20-AA57-59D48033CE3E}.Debug|Any CPU.Build.0 = Debug|Any CPU
		{C8D54654-704A-4A20-AA57-59D48033CE3E}.Release|Any CPU.ActiveCfg = Release|Any CPU
		{C8D54654-704A-4A20-AA57-59D48033CE3E}.Release|Any CPU.Build.0 = Release|Any CPU
		{814A8DAE-9412-451E-AB7D-27364ED53C6A}.Debug|Any CPU.ActiveCfg = Debug|Any CPU
		{814A8DAE-9412-451E-AB7D-27364ED53C6A}.Debug|Any CPU.Build.0 = Debug|Any CPU
		{814A8DAE-9412-451E-AB7D-27364ED53C6A}.Release|Any CPU.ActiveCfg = Release|Any CPU
		{814A8DAE-9412-451E-AB7D-27364ED53C6A}.Release|Any CPU.Build.0 = Release|Any CPU
		{C400D9D0-9264-42B1-A2CD-3E1BED748A75}.Debug|Any CPU.ActiveCfg = Debug|Any CPU
		{C400D9D0-9264-42B1-A2CD-3E1BED748A75}.Debug|Any CPU.Build.0 = Debug|Any CPU
		{C400D9D0-9264-42B1-A2CD-3E1BED748A75}.Release|Any CPU.ActiveCfg = Release|Any CPU
		{C400D9D0-9264-42B1-A2CD-3E1BED748A75}.Release|Any CPU.Build.0 = Release|Any CPU
		{F3658337-6DDA-4DF2-AD7F-18101566822C}.Debug|Any CPU.ActiveCfg = Debug|Any CPU
		{F3658337-6DDA-4DF2-AD7F-18101566822C}.Debug|Any CPU.Build.0 = Debug|Any CPU
		{F3658337-6DDA-4DF2-AD7F-18101566822C}.Release|Any CPU.ActiveCfg = Release|Any CPU
		{F3658337-6DDA-4DF2-AD7F-18101566822C}.Release|Any CPU.Build.0 = Release|Any CPU
		{09F3952B-24E3-4D4F-BA0B-D62682AA4F26}.Debug|Any CPU.ActiveCfg = Debug|Any CPU
		{09F3952B-24E3-4D4F-BA0B-D62682AA4F26}.Debug|Any CPU.Build.0 = Debug|Any CPU
		{09F3952B-24E3-4D4F-BA0B-D62682AA4F26}.Release|Any CPU.ActiveCfg = Release|Any CPU
		{09F3952B-24E3-4D4F-BA0B-D62682AA4F26}.Release|Any CPU.Build.0 = Release|Any CPU
		{0561A75A-42D9-4A87-A1B6-B554FC1EFFCB}.Debug|Any CPU.ActiveCfg = Debug|Any CPU
		{0561A75A-42D9-4A87-A1B6-B554FC1EFFCB}.Debug|Any CPU.Build.0 = Debug|Any CPU
		{0561A75A-42D9-4A87-A1B6-B554FC1EFFCB}.Release|Any CPU.ActiveCfg = Release|Any CPU
		{0561A75A-42D9-4A87-A1B6-B554FC1EFFCB}.Release|Any CPU.Build.0 = Release|Any CPU
		{386511B1-726C-4D76-B8F2-64F02CC8C144}.Debug|Any CPU.ActiveCfg = Debug|Any CPU
		{386511B1-726C-4D76-B8F2-64F02CC8C144}.Debug|Any CPU.Build.0 = Debug|Any CPU
		{386511B1-726C-4D76-B8F2-64F02CC8C144}.Release|Any CPU.ActiveCfg = Release|Any CPU
		{386511B1-726C-4D76-B8F2-64F02CC8C144}.Release|Any CPU.Build.0 = Release|Any CPU
		{FC323660-EAA6-4E44-967F-2EFF35C18463}.Debug|Any CPU.ActiveCfg = Debug|Any CPU
		{FC323660-EAA6-4E44-967F-2EFF35C18463}.Debug|Any CPU.Build.0 = Debug|Any CPU
		{FC323660-EAA6-4E44-967F-2EFF35C18463}.Release|Any CPU.ActiveCfg = Release|Any CPU
		{FC323660-EAA6-4E44-967F-2EFF35C18463}.Release|Any CPU.Build.0 = Release|Any CPU
		{B10B653F-02D0-4529-925B-0537A99BA175}.Debug|Any CPU.ActiveCfg = Debug|Any CPU
		{B10B653F-02D0-4529-925B-0537A99BA175}.Debug|Any CPU.Build.0 = Debug|Any CPU
		{B10B653F-02D0-4529-925B-0537A99BA175}.Release|Any CPU.ActiveCfg = Release|Any CPU
		{B10B653F-02D0-4529-925B-0537A99BA175}.Release|Any CPU.Build.0 = Release|Any CPU
		{8B83942E-703F-4C00-8596-800D949F3B0F}.Debug|Any CPU.ActiveCfg = Debug|Any CPU
		{8B83942E-703F-4C00-8596-800D949F3B0F}.Debug|Any CPU.Build.0 = Debug|Any CPU
		{8B83942E-703F-4C00-8596-800D949F3B0F}.Release|Any CPU.ActiveCfg = Release|Any CPU
		{8B83942E-703F-4C00-8596-800D949F3B0F}.Release|Any CPU.Build.0 = Release|Any CPU
		{E8DCFFEF-8783-4D0F-A660-3CF1C0CE7998}.Debug|Any CPU.ActiveCfg = Debug|Any CPU
		{E8DCFFEF-8783-4D0F-A660-3CF1C0CE7998}.Debug|Any CPU.Build.0 = Debug|Any CPU
		{E8DCFFEF-8783-4D0F-A660-3CF1C0CE7998}.Release|Any CPU.ActiveCfg = Release|Any CPU
		{E8DCFFEF-8783-4D0F-A660-3CF1C0CE7998}.Release|Any CPU.Build.0 = Release|Any CPU
		{A6C773FC-01E9-475F-BFCB-505110273529}.Debug|Any CPU.ActiveCfg = Debug|Any CPU
		{A6C773FC-01E9-475F-BFCB-505110273529}.Debug|Any CPU.Build.0 = Debug|Any CPU
		{A6C773FC-01E9-475F-BFCB-505110273529}.Release|Any CPU.ActiveCfg = Release|Any CPU
		{A6C773FC-01E9-475F-BFCB-505110273529}.Release|Any CPU.Build.0 = Release|Any CPU
		{466F1485-500C-4270-8327-435AF4752DA6}.Debug|Any CPU.ActiveCfg = Debug|Any CPU
		{466F1485-500C-4270-8327-435AF4752DA6}.Debug|Any CPU.Build.0 = Debug|Any CPU
		{466F1485-500C-4270-8327-435AF4752DA6}.Release|Any CPU.ActiveCfg = Release|Any CPU
		{466F1485-500C-4270-8327-435AF4752DA6}.Release|Any CPU.Build.0 = Release|Any CPU
		{838AB5C4-ECE0-405B-978A-942067CF27EA}.Debug|Any CPU.ActiveCfg = Debug|Any CPU
		{838AB5C4-ECE0-405B-978A-942067CF27EA}.Debug|Any CPU.Build.0 = Debug|Any CPU
		{838AB5C4-ECE0-405B-978A-942067CF27EA}.Release|Any CPU.ActiveCfg = Release|Any CPU
		{838AB5C4-ECE0-405B-978A-942067CF27EA}.Release|Any CPU.Build.0 = Release|Any CPU
		{743981D2-2496-433F-A1C5-ED71453F0C65}.Debug|Any CPU.ActiveCfg = Debug|Any CPU
		{743981D2-2496-433F-A1C5-ED71453F0C65}.Debug|Any CPU.Build.0 = Debug|Any CPU
		{743981D2-2496-433F-A1C5-ED71453F0C65}.Release|Any CPU.ActiveCfg = Release|Any CPU
		{743981D2-2496-433F-A1C5-ED71453F0C65}.Release|Any CPU.Build.0 = Release|Any CPU
		{E5E03E93-D728-429F-8C3E-86A14925DF58}.Debug|Any CPU.ActiveCfg = Debug|Any CPU
		{E5E03E93-D728-429F-8C3E-86A14925DF58}.Debug|Any CPU.Build.0 = Debug|Any CPU
		{E5E03E93-D728-429F-8C3E-86A14925DF58}.Release|Any CPU.ActiveCfg = Release|Any CPU
		{E5E03E93-D728-429F-8C3E-86A14925DF58}.Release|Any CPU.Build.0 = Release|Any CPU
		{56CD0856-F1EA-41C5-A00B-2DEF2227045C}.Debug|Any CPU.ActiveCfg = Debug|Any CPU
		{56CD0856-F1EA-41C5-A00B-2DEF2227045C}.Debug|Any CPU.Build.0 = Debug|Any CPU
		{56CD0856-F1EA-41C5-A00B-2DEF2227045C}.Release|Any CPU.ActiveCfg = Release|Any CPU
		{56CD0856-F1EA-41C5-A00B-2DEF2227045C}.Release|Any CPU.Build.0 = Release|Any CPU
		{B2800E32-C24B-4BE3-B264-24EE0F2797AA}.Debug|Any CPU.ActiveCfg = Debug|Any CPU
		{B2800E32-C24B-4BE3-B264-24EE0F2797AA}.Debug|Any CPU.Build.0 = Debug|Any CPU
		{B2800E32-C24B-4BE3-B264-24EE0F2797AA}.Release|Any CPU.ActiveCfg = Release|Any CPU
		{B2800E32-C24B-4BE3-B264-24EE0F2797AA}.Release|Any CPU.Build.0 = Release|Any CPU
		{73467E9F-F27B-4B1D-BBE0-F29AC132C792}.Debug|Any CPU.ActiveCfg = Debug|Any CPU
		{73467E9F-F27B-4B1D-BBE0-F29AC132C792}.Debug|Any CPU.Build.0 = Debug|Any CPU
		{73467E9F-F27B-4B1D-BBE0-F29AC132C792}.Release|Any CPU.ActiveCfg = Release|Any CPU
		{73467E9F-F27B-4B1D-BBE0-F29AC132C792}.Release|Any CPU.Build.0 = Release|Any CPU
		{178B3592-7095-406A-988C-6135C6B79481}.Debug|Any CPU.ActiveCfg = Debug|Any CPU
		{178B3592-7095-406A-988C-6135C6B79481}.Debug|Any CPU.Build.0 = Debug|Any CPU
		{178B3592-7095-406A-988C-6135C6B79481}.Release|Any CPU.ActiveCfg = Release|Any CPU
		{178B3592-7095-406A-988C-6135C6B79481}.Release|Any CPU.Build.0 = Release|Any CPU
		{1791B11D-46A8-43B5-9536-245B3E00A9B8}.Debug|Any CPU.ActiveCfg = Debug|Any CPU
		{1791B11D-46A8-43B5-9536-245B3E00A9B8}.Debug|Any CPU.Build.0 = Debug|Any CPU
		{1791B11D-46A8-43B5-9536-245B3E00A9B8}.Release|Any CPU.ActiveCfg = Release|Any CPU
		{1791B11D-46A8-43B5-9536-245B3E00A9B8}.Release|Any CPU.Build.0 = Release|Any CPU
		{BD236C70-D0EF-498C-9F8E-A1FFD3FF2CEC}.Debug|Any CPU.ActiveCfg = Debug|Any CPU
		{BD236C70-D0EF-498C-9F8E-A1FFD3FF2CEC}.Debug|Any CPU.Build.0 = Debug|Any CPU
		{BD236C70-D0EF-498C-9F8E-A1FFD3FF2CEC}.Release|Any CPU.ActiveCfg = Release|Any CPU
		{BD236C70-D0EF-498C-9F8E-A1FFD3FF2CEC}.Release|Any CPU.Build.0 = Release|Any CPU
		{6BD3D774-E28F-4B9E-8FBA-302530EE0F1B}.Debug|Any CPU.ActiveCfg = Debug|Any CPU
		{6BD3D774-E28F-4B9E-8FBA-302530EE0F1B}.Debug|Any CPU.Build.0 = Debug|Any CPU
		{6BD3D774-E28F-4B9E-8FBA-302530EE0F1B}.Release|Any CPU.ActiveCfg = Release|Any CPU
		{6BD3D774-E28F-4B9E-8FBA-302530EE0F1B}.Release|Any CPU.Build.0 = Release|Any CPU
		{A69A5008-2664-484B-9E37-66F0EC414342}.Debug|Any CPU.ActiveCfg = Debug|Any CPU
		{A69A5008-2664-484B-9E37-66F0EC414342}.Debug|Any CPU.Build.0 = Debug|Any CPU
		{A69A5008-2664-484B-9E37-66F0EC414342}.Release|Any CPU.ActiveCfg = Release|Any CPU
		{A69A5008-2664-484B-9E37-66F0EC414342}.Release|Any CPU.Build.0 = Release|Any CPU
		{B90D6E84-DF94-429B-97E1-0A47A83139C1}.Debug|Any CPU.ActiveCfg = Debug|Any CPU
		{B90D6E84-DF94-429B-97E1-0A47A83139C1}.Debug|Any CPU.Build.0 = Debug|Any CPU
		{B90D6E84-DF94-429B-97E1-0A47A83139C1}.Release|Any CPU.ActiveCfg = Release|Any CPU
		{B90D6E84-DF94-429B-97E1-0A47A83139C1}.Release|Any CPU.Build.0 = Release|Any CPU
		{6EB563DC-9A41-4B6D-8128-52E4A88268F8}.Debug|Any CPU.ActiveCfg = Debug|Any CPU
		{6EB563DC-9A41-4B6D-8128-52E4A88268F8}.Debug|Any CPU.Build.0 = Debug|Any CPU
		{6EB563DC-9A41-4B6D-8128-52E4A88268F8}.Release|Any CPU.ActiveCfg = Release|Any CPU
		{6EB563DC-9A41-4B6D-8128-52E4A88268F8}.Release|Any CPU.Build.0 = Release|Any CPU
		{3F1349A0-84A9-4324-B8B4-3926E68C8874}.Debug|Any CPU.ActiveCfg = Debug|Any CPU
		{3F1349A0-84A9-4324-B8B4-3926E68C8874}.Debug|Any CPU.Build.0 = Debug|Any CPU
		{3F1349A0-84A9-4324-B8B4-3926E68C8874}.Release|Any CPU.ActiveCfg = Release|Any CPU
		{3F1349A0-84A9-4324-B8B4-3926E68C8874}.Release|Any CPU.Build.0 = Release|Any CPU
	EndGlobalSection
	GlobalSection(SolutionProperties) = preSolution
		HideSolutionNode = FALSE
	EndGlobalSection
	GlobalSection(NestedProjects) = preSolution
		{2ED590FF-56DF-48EB-B2BF-EBF3DDD68488} = {4D86BCDA-323D-4ABC-9AE8-7245F36682FF}
		{A8CAE417-783D-4424-A393-5FCB90FC2C0D} = {4D86BCDA-323D-4ABC-9AE8-7245F36682FF}
		{A423C876-B3DB-4F56-A58B-D5179CA284C1} = {4D86BCDA-323D-4ABC-9AE8-7245F36682FF}
		{A4A9D371-2926-4E15-8420-CF3F093BC8D6} = {4D86BCDA-323D-4ABC-9AE8-7245F36682FF}
		{FB9CC25F-3F2D-430B-9939-FBA37333D3E1} = {4D86BCDA-323D-4ABC-9AE8-7245F36682FF}
		{EA4E67F2-DB70-4162-A8D6-8F348A52DBC3} = {4D86BCDA-323D-4ABC-9AE8-7245F36682FF}
		{7C2F5018-4FA5-42A2-BC70-D8C875B75954} = {9D2471BC-865C-4338-802D-9179D0FAFACC}
		{B685D4AB-8112-4BD8-8FF7-81258F3C294C} = {9D2471BC-865C-4338-802D-9179D0FAFACC}
		{AF43910B-51A5-4060-97C0-ED39921D7B5C} = {9D2471BC-865C-4338-802D-9179D0FAFACC}
		{D403FBF9-A8DA-4FC1-9C5A-E968D37E9C34} = {9D2471BC-865C-4338-802D-9179D0FAFACC}
		{B1FF7B2A-8383-4C6D-8BD3-64E95E733586} = {9D2471BC-865C-4338-802D-9179D0FAFACC}
		{FF3A1372-6BEB-463E-9879-0EC8EB3B5A62} = {9D2471BC-865C-4338-802D-9179D0FAFACC}
		{CD4C334A-65DB-4AA4-9C3D-81DAE2E54281} = {9D2471BC-865C-4338-802D-9179D0FAFACC}
		{DE604A4E-44E8-4D44-9B64-A640E2AA3F85} = {9D2471BC-865C-4338-802D-9179D0FAFACC}
		{3A3A071B-C3ED-4814-8D5A-4E3E25212622} = {9D2471BC-865C-4338-802D-9179D0FAFACC}
		{90ED0510-A1A7-4E2A-96DB-DC5406325D20} = {9D2471BC-865C-4338-802D-9179D0FAFACC}
		{FE902D34-AF92-488A-AADD-D4A2A5B43FDD} = {9D2471BC-865C-4338-802D-9179D0FAFACC}
		{33F7900B-F3DB-4E2C-805E-DA099B41E40A} = {9D2471BC-865C-4338-802D-9179D0FAFACC}
		{593AED62-3CCD-4CF3-87BB-4B4154F0C207} = {9D2471BC-865C-4338-802D-9179D0FAFACC}
		{81660EF6-564F-40FC-AB5C-B0878822D6F8} = {9D2471BC-865C-4338-802D-9179D0FAFACC}
		{9D2471BC-865C-4338-802D-9179D0FAFACC} = {261B18DB-F70D-4644-9490-0D9385AC43C1}
		{A14791D6-A0A6-46BA-9D64-E543BEF582D4} = {9D2471BC-865C-4338-802D-9179D0FAFACC}
		{CA36E749-995C-4886-BF0A-EC20A3A1B689} = {DC19FD66-21FB-4457-9B44-E87A7B765999}
		{2AB911B9-C036-45B1-8FF3-69DC1A767C85} = {DC19FD66-21FB-4457-9B44-E87A7B765999}
		{8E0F0E81-EB56-454A-89CC-042BDB98E908} = {DC19FD66-21FB-4457-9B44-E87A7B765999}
		{34E37017-3F29-4F21-B65A-EE121DDE88DE} = {DC19FD66-21FB-4457-9B44-E87A7B765999}
		{882DC8B7-3598-41D6-B534-B761BF1A43F0} = {DC19FD66-21FB-4457-9B44-E87A7B765999}
		{7F47B3CD-7FFE-4D5A-B7A8-CACC662B28E8} = {DC19FD66-21FB-4457-9B44-E87A7B765999}
		{FF7878F9-CAA1-4FEA-AC88-D057FD9C1DD3} = {DC19FD66-21FB-4457-9B44-E87A7B765999}
		{0DFE89D8-6455-456F-9587-DB47496A641C} = {DC19FD66-21FB-4457-9B44-E87A7B765999}
		{C3BC75C7-420B-43D1-A612-05114E38C9AA} = {2282494F-0EE5-4364-89F9-DF2825D197B9}
		{A602878B-F3F1-4635-A6E7-06F92F0E0E49} = {2282494F-0EE5-4364-89F9-DF2825D197B9}
		{6EB1882A-2936-4ADA-9143-867FF4E083C7} = {2282494F-0EE5-4364-89F9-DF2825D197B9}
		{A5F05DDD-3DDE-44E4-A00B-CDFAEF32CA2A} = {2282494F-0EE5-4364-89F9-DF2825D197B9}
		{86B2C7A4-BCA8-4CB5-A51C-58B4C1B1B152} = {2282494F-0EE5-4364-89F9-DF2825D197B9}
		{752D6869-BD1F-4DEC-B1FF-F382C2754210} = {2282494F-0EE5-4364-89F9-DF2825D197B9}
		{3E7E7B4A-DECF-44CD-867D-D1C38752473C} = {2282494F-0EE5-4364-89F9-DF2825D197B9}
		{8C7669D9-BCF9-4B3B-AA2E-BCD028C79DF2} = {2282494F-0EE5-4364-89F9-DF2825D197B9}
		{CACED8B6-49BF-4FA5-ACBA-A046BE63D381} = {2282494F-0EE5-4364-89F9-DF2825D197B9}
		{AC53A1E4-6EC4-498C-96B6-4E30E33CC66A} = {2282494F-0EE5-4364-89F9-DF2825D197B9}
		{6F098C7B-3F07-4F9F-B6B5-555940462CCC} = {2282494F-0EE5-4364-89F9-DF2825D197B9}
		{DFE599E0-F45C-4762-9ED8-FD2CD5767A1A} = {2282494F-0EE5-4364-89F9-DF2825D197B9}
		{2B89BE74-C246-4217-B5C8-829487DA45FC} = {2282494F-0EE5-4364-89F9-DF2825D197B9}
		{4A2E8D50-290E-4607-934D-95E08C1C3F89} = {2282494F-0EE5-4364-89F9-DF2825D197B9}
		{FC04BA58-6F2F-41F3-9776-C6851C607AE6} = {2282494F-0EE5-4364-89F9-DF2825D197B9}
		{1A1B0162-042A-4F27-B018-32F77591700D} = {2282494F-0EE5-4364-89F9-DF2825D197B9}
		{935E70D8-A112-4738-B8E6-56163EDDF70A} = {2282494F-0EE5-4364-89F9-DF2825D197B9}
		{09BBCA94-6C70-4D9C-9585-65E59D3D9EE7} = {2282494F-0EE5-4364-89F9-DF2825D197B9}
		{377930D1-1422-4692-862E-C7F01833C4E4} = {F3DDDEDB-BEFC-405A-8995-9658149FC16C}
		{D6EF0F66-F36B-412D-8878-8B403F649379} = {F3DDDEDB-BEFC-405A-8995-9658149FC16C}
		{D56060E8-B9CF-44BF-A599-D238DC3E717A} = {F3DDDEDB-BEFC-405A-8995-9658149FC16C}
		{71BD7D18-393C-4CE1-8824-50C5B62EE69F} = {F3DDDEDB-BEFC-405A-8995-9658149FC16C}
		{B909AFD5-4767-4907-BD2C-C4E1D116A339} = {F3DDDEDB-BEFC-405A-8995-9658149FC16C}
		{E5C958C4-B1CF-49D1-8C7F-77E3DE1950C9} = {2282494F-0EE5-4364-89F9-DF2825D197B9}
		{DA659BFB-80CF-4EF0-A243-664AEC450B88} = {F3DDDEDB-BEFC-405A-8995-9658149FC16C}
		{8918F594-1F4D-4F21-AE88-9A71A576B8E7} = {F3DDDEDB-BEFC-405A-8995-9658149FC16C}
		{750DA175-4D96-4588-935E-44A47CC14530} = {F3DDDEDB-BEFC-405A-8995-9658149FC16C}
		{F61D2DEC-6AC0-4767-A361-54945374736C} = {F3DDDEDB-BEFC-405A-8995-9658149FC16C}
		{825133E3-A146-42EE-A162-16F2283C3083} = {F3DDDEDB-BEFC-405A-8995-9658149FC16C}
		{20A23642-884D-40BC-A022-97A92BCFA494} = {F3DDDEDB-BEFC-405A-8995-9658149FC16C}
		{FD9F709C-241F-4B95-82D8-76DCB0316FE0} = {F3DDDEDB-BEFC-405A-8995-9658149FC16C}
		{6D620703-F623-4689-8F22-9C1E09F8BDA9} = {F3DDDEDB-BEFC-405A-8995-9658149FC16C}
		{7F480690-3E0F-48BA-A85B-384F9D9DD8AE} = {F74903E3-22FB-4408-A076-5D83DBD3ABF9}
		{F0985203-70CC-4503-ADD9-692289854CD4} = {F74903E3-22FB-4408-A076-5D83DBD3ABF9}
		{5C384559-4376-462C-82E8-AE13EBD51ABF} = {F74903E3-22FB-4408-A076-5D83DBD3ABF9}
		{6C3F3F46-736F-493F-AA82-75EC0DB86126} = {F74903E3-22FB-4408-A076-5D83DBD3ABF9}
		{058AEE57-F087-4C13-9ECB-9F1F02D353E7} = {F74903E3-22FB-4408-A076-5D83DBD3ABF9}
		{7CCD8709-DEFC-44AA-9036-E2AADFB958D9} = {F74903E3-22FB-4408-A076-5D83DBD3ABF9}
		{B7E41462-FD58-45D7-9185-0A1A0C817C29} = {F74903E3-22FB-4408-A076-5D83DBD3ABF9}
		{9F76B02B-9468-4D0D-AFED-00E1A0EDE7BE} = {F74903E3-22FB-4408-A076-5D83DBD3ABF9}
		{2016FDF5-756A-430D-8283-00972FBD2BD1} = {F74903E3-22FB-4408-A076-5D83DBD3ABF9}
		{EB8B28BC-4027-425C-A83F-BBC478464F49} = {F74903E3-22FB-4408-A076-5D83DBD3ABF9}
		{7B33747F-8A0D-45C1-AA88-F26E59AE0D27} = {F74903E3-22FB-4408-A076-5D83DBD3ABF9}
		{00ED7314-FC54-43B0-892C-FFFF4F1DB0A6} = {F74903E3-22FB-4408-A076-5D83DBD3ABF9}
		{5482EC74-0304-483D-88F8-F05F242963DD} = {18207B53-E77F-421A-AAF1-B9D1E8CA279D}
		{A8449836-AD08-4559-913C-EEF5319599C7} = {18207B53-E77F-421A-AAF1-B9D1E8CA279D}
		{D3EDFC51-7AC2-4F1E-BB70-37974317C9F3} = {18207B53-E77F-421A-AAF1-B9D1E8CA279D}
		{B9C2C5F4-5DA7-4E3C-9089-28F3060938F2} = {18207B53-E77F-421A-AAF1-B9D1E8CA279D}
		{CA297E98-421E-4716-ACC3-917CC8FEE628} = {18207B53-E77F-421A-AAF1-B9D1E8CA279D}
		{6FE9986D-6721-43D5-9D18-5DF85558FC1D} = {18207B53-E77F-421A-AAF1-B9D1E8CA279D}
		{E7378A36-19A8-4E80-9D26-7239320E7D1B} = {18207B53-E77F-421A-AAF1-B9D1E8CA279D}
		{60C2746F-6CB0-4AEB-92BD-43DABAC57B46} = {18207B53-E77F-421A-AAF1-B9D1E8CA279D}
		{C7A78E1A-6037-4AE9-8746-1E8D141881EF} = {18207B53-E77F-421A-AAF1-B9D1E8CA279D}
		{9BCF45B6-3AD0-4F26-95B5-E3C0E03480B5} = {18207B53-E77F-421A-AAF1-B9D1E8CA279D}
		{3D2169D6-DA55-4BDA-A063-DE41E08D8CEB} = {EC581CA0-F61C-4674-AD39-9C42928049B1}
		{59C456A1-3AE3-49CE-8A4B-9D57E362DCF7} = {EC581CA0-F61C-4674-AD39-9C42928049B1}
		{ADBC3990-6D13-4900-9E6C-28D70BEF9D5A} = {EC581CA0-F61C-4674-AD39-9C42928049B1}
		{DFA4CA57-52DB-4936-A7B8-53878F53D1A1} = {EC581CA0-F61C-4674-AD39-9C42928049B1}
		{2BD79BB5-F966-402D-8EF5-BE956402E65C} = {EC581CA0-F61C-4674-AD39-9C42928049B1}
		{5AD59B85-5638-4F06-8F4A-57305B5E376E} = {EC581CA0-F61C-4674-AD39-9C42928049B1}
		{7130A9AD-CA66-4759-B5F8-3A7F336E4C53} = {EC581CA0-F61C-4674-AD39-9C42928049B1}
		{7C1588CE-E79D-4961-A0D9-CA480783416A} = {261B18DB-F70D-4644-9490-0D9385AC43C1}
		{793A4D62-5349-41FF-8AB5-A46D363E88AB} = {261B18DB-F70D-4644-9490-0D9385AC43C1}
		{8456EF08-8AB5-472B-B198-FFECFF9DEDB8} = {261B18DB-F70D-4644-9490-0D9385AC43C1}
		{CD5FAC55-912B-477C-9CE6-75AD830C6B58} = {261B18DB-F70D-4644-9490-0D9385AC43C1}
		{7E5DB15C-5E0B-45D3-BB31-FB2C39941AC4} = {261B18DB-F70D-4644-9490-0D9385AC43C1}
		{B9E7B71C-4911-4465-933A-E7F187A7D267} = {D9EA23C1-3FA1-4C33-87BE-E9035F912833}
		{DDFDB2F1-1983-44DD-8EEC-1B9682A6913C} = {D9EA23C1-3FA1-4C33-87BE-E9035F912833}
		{412FE072-B507-4509-8B7B-17B0D00097E3} = {D9EA23C1-3FA1-4C33-87BE-E9035F912833}
		{8BE6966F-211E-45FA-A48C-7BEF8E7AF8EF} = {D9EA23C1-3FA1-4C33-87BE-E9035F912833}
		{F61208D9-3322-480B-9F1D-AE333A392A13} = {187B9ACF-FFD8-4400-B4EE-20BDE3CD0055}
		{9B3B39EA-2609-4D1A-8B87-9C376046DEB4} = {187B9ACF-FFD8-4400-B4EE-20BDE3CD0055}
		{BEDC84E2-A03A-4A4F-A834-BC808369AEF2} = {187B9ACF-FFD8-4400-B4EE-20BDE3CD0055}
		{03A2F322-32ED-4214-B7C8-28792DF0B13A} = {D9EA23C1-3FA1-4C33-87BE-E9035F912833}
		{3358B146-06DC-47F6-9C0F-6EE8F70DDF05} = {187B9ACF-FFD8-4400-B4EE-20BDE3CD0055}
		{5CCD4BF6-DF14-46FC-8399-80D1B9B3DFE5} = {187B9ACF-FFD8-4400-B4EE-20BDE3CD0055}
		{084536E4-0DAD-4CC6-9096-B79FBF872E81} = {187B9ACF-FFD8-4400-B4EE-20BDE3CD0055}
		{63AF7E5C-68E7-4AA4-AAFF-D3F3EB50FD80} = {561E2E9A-4036-4B7F-B386-C9E85A974940}
		{822E26F9-1A34-43F3-A799-C4175C7D3DEC} = {561E2E9A-4036-4B7F-B386-C9E85A974940}
		{1DFE92D5-E80E-4E2C-9734-D2BDA760C32C} = {561E2E9A-4036-4B7F-B386-C9E85A974940}
		{F3BA2170-F0EC-40C3-B7AD-03B854C99962} = {561E2E9A-4036-4B7F-B386-C9E85A974940}
		{060E4103-70F8-4948-8499-A45994CD27F8} = {561E2E9A-4036-4B7F-B386-C9E85A974940}
		{1586D865-C3FD-443A-8F2F-F53163FBE05C} = {561E2E9A-4036-4B7F-B386-C9E85A974940}
		{372B97FD-3FBF-4F8D-8FA1-853ADAF809CC} = {561E2E9A-4036-4B7F-B386-C9E85A974940}
		{996749D2-074E-445D-BA0C-D388F615F0AF} = {561E2E9A-4036-4B7F-B386-C9E85A974940}
		{3B48703C-7503-4290-B23D-8CE0F929C296} = {561E2E9A-4036-4B7F-B386-C9E85A974940}
		{521EC864-7AA8-4DCE-B7C4-4E2E2A81638F} = {96A5D228-D12C-4654-8CEA-E0673391788D}
		{C8D54654-704A-4A20-AA57-59D48033CE3E} = {96A5D228-D12C-4654-8CEA-E0673391788D}
		{814A8DAE-9412-451E-AB7D-27364ED53C6A} = {96A5D228-D12C-4654-8CEA-E0673391788D}
		{C400D9D0-9264-42B1-A2CD-3E1BED748A75} = {96A5D228-D12C-4654-8CEA-E0673391788D}
		{F3658337-6DDA-4DF2-AD7F-18101566822C} = {96A5D228-D12C-4654-8CEA-E0673391788D}
		{09F3952B-24E3-4D4F-BA0B-D62682AA4F26} = {96A5D228-D12C-4654-8CEA-E0673391788D}
		{0561A75A-42D9-4A87-A1B6-B554FC1EFFCB} = {4A7A2927-9103-40C9-A989-B5C842C8EB58}
		{386511B1-726C-4D76-B8F2-64F02CC8C144} = {4A7A2927-9103-40C9-A989-B5C842C8EB58}
		{FC323660-EAA6-4E44-967F-2EFF35C18463} = {4A7A2927-9103-40C9-A989-B5C842C8EB58}
		{B10B653F-02D0-4529-925B-0537A99BA175} = {4A7A2927-9103-40C9-A989-B5C842C8EB58}
		{8B83942E-703F-4C00-8596-800D949F3B0F} = {4A7A2927-9103-40C9-A989-B5C842C8EB58}
		{E8DCFFEF-8783-4D0F-A660-3CF1C0CE7998} = {4A7A2927-9103-40C9-A989-B5C842C8EB58}
		{A6C773FC-01E9-475F-BFCB-505110273529} = {4A7A2927-9103-40C9-A989-B5C842C8EB58}
		{466F1485-500C-4270-8327-435AF4752DA6} = {B367FF76-C343-4A7A-82F4-CDC07068BE98}
		{838AB5C4-ECE0-405B-978A-942067CF27EA} = {B367FF76-C343-4A7A-82F4-CDC07068BE98}
		{743981D2-2496-433F-A1C5-ED71453F0C65} = {B367FF76-C343-4A7A-82F4-CDC07068BE98}
		{E5E03E93-D728-429F-8C3E-86A14925DF58} = {B367FF76-C343-4A7A-82F4-CDC07068BE98}
		{56CD0856-F1EA-41C5-A00B-2DEF2227045C} = {B367FF76-C343-4A7A-82F4-CDC07068BE98}
		{B2800E32-C24B-4BE3-B264-24EE0F2797AA} = {6FCA5CB5-4A3D-4FD3-9B5D-BBB225470BA3}
		{73467E9F-F27B-4B1D-BBE0-F29AC132C792} = {6FCA5CB5-4A3D-4FD3-9B5D-BBB225470BA3}
		{178B3592-7095-406A-988C-6135C6B79481} = {6FCA5CB5-4A3D-4FD3-9B5D-BBB225470BA3}
		{1791B11D-46A8-43B5-9536-245B3E00A9B8} = {6FCA5CB5-4A3D-4FD3-9B5D-BBB225470BA3}
		{BD236C70-D0EF-498C-9F8E-A1FFD3FF2CEC} = {6FCA5CB5-4A3D-4FD3-9B5D-BBB225470BA3}
		{6BD3D774-E28F-4B9E-8FBA-302530EE0F1B} = {6FCA5CB5-4A3D-4FD3-9B5D-BBB225470BA3}
		{A69A5008-2664-484B-9E37-66F0EC414342} = {BF4C3D76-AA9F-4AC3-88A1-94A44B110FA2}
		{B90D6E84-DF94-429B-97E1-0A47A83139C1} = {BF4C3D76-AA9F-4AC3-88A1-94A44B110FA2}
		{6EB563DC-9A41-4B6D-8128-52E4A88268F8} = {BF4C3D76-AA9F-4AC3-88A1-94A44B110FA2}
		{3F1349A0-84A9-4324-B8B4-3926E68C8874} = {BF4C3D76-AA9F-4AC3-88A1-94A44B110FA2}
	EndGlobalSection
EndGlobal
