
Microsoft Visual Studio Solution File, Format Version 12.00
# Visual Studio 14
VisualStudioVersion = 14.0.25420.1
MinimumVisualStudioVersion = 10.0.40219.1
Project("{FAE04EC0-301F-11D3-BF4B-00C04F79EFBC}") = "DebitCard", "ConsoleApplication1\DebitCard.csproj", "{2ED590FF-56DF-48EB-B2BF-EBF3DDD68488}"
EndProject
Project("{FAE04EC0-301F-11D3-BF4B-00C04F79EFBC}") = "Passed", "Passed\Passed.csproj", "{A8CAE417-783D-4424-A393-5FCB90FC2C0D}"
EndProject
Project("{FAE04EC0-301F-11D3-BF4B-00C04F79EFBC}") = "RectaleArea", "RectaleArea\RectaleArea.csproj", "{A423C876-B3DB-4F56-A58B-D5179CA284C1}"
EndProject
Project("{FAE04EC0-301F-11D3-BF4B-00C04F79EFBC}") = "Miles2Km", "Miles2Km\Miles2Km.csproj", "{A4A9D371-2926-4E15-8420-CF3F093BC8D6}"
EndProject
Project("{FAE04EC0-301F-11D3-BF4B-00C04F79EFBC}") = "BeverageLabels", "BeverageLabels\BeverageLabels.csproj", "{FB9CC25F-3F2D-430B-9939-FBA37333D3E1}"
EndProject
Project("{FAE04EC0-301F-11D3-BF4B-00C04F79EFBC}") = "CharacterStats", "CharacterStats\CharacterStats.csproj", "{EA4E67F2-DB70-4162-A8D6-8F348A52DBC3}"
EndProject
Project("{FAE04EC0-301F-11D3-BF4B-00C04F79EFBC}") = "ChooseDrink", "ChooseDrink\ChooseDrink.csproj", "{7C2F5018-4FA5-42A2-BC70-D8C875B75954}"
EndProject
Project("{FAE04EC0-301F-11D3-BF4B-00C04F79EFBC}") = "ChooseDrink2.0", "ChooseDrink2.0\ChooseDrink2.0.csproj", "{B685D4AB-8112-4BD8-8FF7-81258F3C294C}"
EndProject
Project("{FAE04EC0-301F-11D3-BF4B-00C04F79EFBC}") = "RestorantDiscount", "RestorantDiscount\RestorantDiscount.csproj", "{AF43910B-51A5-4060-97C0-ED39921D7B5C}"
EndProject
Project("{FAE04EC0-301F-11D3-BF4B-00C04F79EFBC}") = "Hotel", "Hotel\Hotel.csproj", "{D403FBF9-A8DA-4FC1-9C5A-E968D37E9C34}"
EndProject
Project("{FAE04EC0-301F-11D3-BF4B-00C04F79EFBC}") = "WordInPlural", "WordInPlural\WordInPlural.csproj", "{B1FF7B2A-8383-4C6D-8BD3-64E95E733586}"
EndProject
Project("{FAE04EC0-301F-11D3-BF4B-00C04F79EFBC}") = "IntervalOfNumers", "IntervalOfNumers\IntervalOfNumers.csproj", "{FF3A1372-6BEB-463E-9879-0EC8EB3B5A62}"
EndProject
Project("{FAE04EC0-301F-11D3-BF4B-00C04F79EFBC}") = "CackeIngredients", "CackeIngredients\CackeIngredients.csproj", "{CD4C334A-65DB-4AA4-9C3D-81DAE2E54281}"
EndProject
Project("{FAE04EC0-301F-11D3-BF4B-00C04F79EFBC}") = "CaloriesCounter", "CaloriesCounter\CaloriesCounter.csproj", "{DE604A4E-44E8-4D44-9B64-A640E2AA3F85}"
EndProject
Project("{FAE04EC0-301F-11D3-BF4B-00C04F79EFBC}") = "CountTheIntegers", "CountTheIntegers\CountTheIntegers.csproj", "{3A3A071B-C3ED-4814-8D5A-4E3E25212622}"
EndProject
Project("{FAE04EC0-301F-11D3-BF4B-00C04F79EFBC}") = "TriangleOfNumbers", "TriangleOfNumbers\TriangleOfNumbers.csproj", "{90ED0510-A1A7-4E2A-96DB-DC5406325D20}"
EndProject
Project("{FAE04EC0-301F-11D3-BF4B-00C04F79EFBC}") = "FiveDifferentNumbers", "FiveDifferentNumbers\FiveDifferentNumbers.csproj", "{FE902D34-AF92-488A-AADD-D4A2A5B43FDD}"
EndProject
Project("{FAE04EC0-301F-11D3-BF4B-00C04F79EFBC}") = "TestNumbers", "TestNumbers\TestNumbers.csproj", "{33F7900B-F3DB-4E2C-805E-DA099B41E40A}"
EndProject
Project("{FAE04EC0-301F-11D3-BF4B-00C04F79EFBC}") = "GameOfNumbers", "GameOfNumbers\GameOfNumbers.csproj", "{593AED62-3CCD-4CF3-87BB-4B4154F0C207}"
EndProject
Project("{FAE04EC0-301F-11D3-BF4B-00C04F79EFBC}") = "NeighbourWars", "NeighbourWars\NeighbourWars.csproj", "{81660EF6-564F-40FC-AB5C-B0878822D6F8}"
EndProject
Project("{2150E333-8FDC-42A3-9474-1A3956D46DE8}") = "LoopsAndConditions", "LoopsAndConditions", "{9D2471BC-865C-4338-802D-9179D0FAFACC}"
EndProject
Project("{FAE04EC0-301F-11D3-BF4B-00C04F79EFBC}") = "MagickLetter", "MagickLetter\MagickLetter.csproj", "{A14791D6-A0A6-46BA-9D64-E543BEF582D4}"
EndProject
Project("{2150E333-8FDC-42A3-9474-1A3956D46DE8}") = "BasicSyntax", "BasicSyntax", "{4D86BCDA-323D-4ABC-9AE8-7245F36682FF}"
EndProject
Project("{2150E333-8FDC-42A3-9474-1A3956D46DE8}") = "MoreExercises", "MoreExercises", "{DC19FD66-21FB-4457-9B44-E87A7B765999}"
EndProject
Project("{FAE04EC0-301F-11D3-BF4B-00C04F79EFBC}") = "X", "X\X.csproj", "{CA36E749-995C-4886-BF0A-EC20A3A1B689}"
EndProject
Project("{FAE04EC0-301F-11D3-BF4B-00C04F79EFBC}") = "MegaPixel", "MegaPixel\MegaPixel.csproj", "{2AB911B9-C036-45B1-8FF3-69DC1A767C85}"
EndProject
Project("{FAE04EC0-301F-11D3-BF4B-00C04F79EFBC}") = "PhotoGallery", "PhotoGallery\PhotoGallery.csproj", "{8E0F0E81-EB56-454A-89CC-042BDB98E908}"
EndProject
Project("{FAE04EC0-301F-11D3-BF4B-00C04F79EFBC}") = "VaporStore", "VaporStore\VaporStore.csproj", "{34E37017-3F29-4F21-B65A-EE121DDE88DE}"
EndProject
Project("{FAE04EC0-301F-11D3-BF4B-00C04F79EFBC}") = "BPM", "BPM\BPM.csproj", "{882DC8B7-3598-41D6-B534-B761BF1A43F0}"
EndProject
Project("{FAE04EC0-301F-11D3-BF4B-00C04F79EFBC}") = "DNASequences", "DNASequences\DNASequences.csproj", "{7F47B3CD-7FFE-4D5A-B7A8-CACC662B28E8}"
EndProject
Project("{FAE04EC0-301F-11D3-BF4B-00C04F79EFBC}") = "TrainingHallEquipment", "TrainingHallEquipment\TrainingHallEquipment.csproj", "{FF7878F9-CAA1-4FEA-AC88-D057FD9C1DD3}"
EndProject
Project("{FAE04EC0-301F-11D3-BF4B-00C04F79EFBC}") = "SMSTyping", "SMSTyping\SMSTyping.csproj", "{0DFE89D8-6455-456F-9587-DB47496A641C}"
EndProject
Project("{2150E333-8FDC-42A3-9474-1A3956D46DE8}") = "DataTypesAndVariables", "DataTypesAndVariables", "{2282494F-0EE5-4364-89F9-DF2825D197B9}"
EndProject
Project("{FAE04EC0-301F-11D3-BF4B-00C04F79EFBC}") = "Practice Integer Numbers", "Practice Integer Numbers\Practice Integer Numbers.csproj", "{C3BC75C7-420B-43D1-A612-05114E38C9AA}"
EndProject
Project("{FAE04EC0-301F-11D3-BF4B-00C04F79EFBC}") = "Practice Floating Point Numbers", "Practice Floating Point Numbers\Practice Floating Point Numbers.csproj", "{A602878B-F3F1-4635-A6E7-06F92F0E0E49}"
EndProject
Project("{FAE04EC0-301F-11D3-BF4B-00C04F79EFBC}") = "PracticeCharactersAndStrings", "PracticeCharactersAndStrings\PracticeCharactersAndStrings.csproj", "{6EB1882A-2936-4ADA-9143-867FF4E083C7}"
EndProject
Project("{FAE04EC0-301F-11D3-BF4B-00C04F79EFBC}") = "VariableInHexadecimalFormat", "VariableInHexadecimalFormat\VariableInHexadecimalFormat.csproj", "{A5F05DDD-3DDE-44E4-A00B-CDFAEF32CA2A}"
EndProject
Project("{FAE04EC0-301F-11D3-BF4B-00C04F79EFBC}") = "BooleanVariable", "BooleanVariable\BooleanVariable.csproj", "{86B2C7A4-BCA8-4CB5-A51C-58B4C1B1B152}"
EndProject
Project("{FAE04EC0-301F-11D3-BF4B-00C04F79EFBC}") = "StringsAndObjects", "StringsAndObjects\StringsAndObjects.csproj", "{752D6869-BD1F-4DEC-B1FF-F382C2754210}"
EndProject
Project("{FAE04EC0-301F-11D3-BF4B-00C04F79EFBC}") = "ExchangeVariableValues", "ExchangeVariableValues\ExchangeVariableValues.csproj", "{3E7E7B4A-DECF-44CD-867D-D1C38752473C}"
EndProject
Project("{FAE04EC0-301F-11D3-BF4B-00C04F79EFBC}") = "EmployeeData", "EmployeeData\EmployeeData.csproj", "{8C7669D9-BCF9-4B3B-AA2E-BCD028C79DF2}"
EndProject
Project("{FAE04EC0-301F-11D3-BF4B-00C04F79EFBC}") = "ReverseCharacters", "ReverseCharacters\ReverseCharacters.csproj", "{CACED8B6-49BF-4FA5-ACBA-A046BE63D381}"
EndProject
Project("{FAE04EC0-301F-11D3-BF4B-00C04F79EFBC}") = "CenturiesToNanoseconds", "CenturiesToNanoseconds\CenturiesToNanoseconds.csproj", "{AC53A1E4-6EC4-498C-96B6-4E30E33CC66A}"
EndProject
Project("{FAE04EC0-301F-11D3-BF4B-00C04F79EFBC}") = "ConvertSpeedUnits", "ConvertSpeedUnits\ConvertSpeedUnits.csproj", "{6F098C7B-3F07-4F9F-B6B5-555940462CCC}"
EndProject
Project("{FAE04EC0-301F-11D3-BF4B-00C04F79EFBC}") = "RectangleProperties", "RectangleProperties\RectangleProperties.csproj", "{DFE599E0-F45C-4762-9ED8-FD2CD5767A1A}"
EndProject
Project("{FAE04EC0-301F-11D3-BF4B-00C04F79EFBC}") = "VowelОrDigit", "VowelОrDigit\VowelОrDigit.csproj", "{2B89BE74-C246-4217-B5C8-829487DA45FC}"
EndProject
Project("{FAE04EC0-301F-11D3-BF4B-00C04F79EFBC}") = "IntegerToHexAndBinary", "IntegerToHexAndBinary\IntegerToHexAndBinary.csproj", "{4A2E8D50-290E-4607-934D-95E08C1C3F89}"
EndProject
Project("{FAE04EC0-301F-11D3-BF4B-00C04F79EFBC}") = "FastPrimeChecker Refactor", "FastPrimeChecker Refactor\FastPrimeChecker Refactor.csproj", "{FC04BA58-6F2F-41F3-9776-C6851C607AE6}"
EndProject
Project("{FAE04EC0-301F-11D3-BF4B-00C04F79EFBC}") = "ComparingFloats", "ComparingFloats\ComparingFloats.csproj", "{1A1B0162-042A-4F27-B018-32F77591700D}"
EndProject
Project("{FAE04EC0-301F-11D3-BF4B-00C04F79EFBC}") = "PrintPartOfASCIITable", "PrintPartOfASCIITable\PrintPartOfASCIITable.csproj", "{935E70D8-A112-4738-B8E6-56163EDDF70A}"
EndProject
Project("{FAE04EC0-301F-11D3-BF4B-00C04F79EFBC}") = "DifferentIntegersSize", "DifferentIntegersSize\DifferentIntegersSize.csproj", "{09BBCA94-6C70-4D9C-9585-65E59D3D9EE7}"
EndProject
Project("{2150E333-8FDC-42A3-9474-1A3956D46DE8}") = "DataTypesAndVariablesMoreExercises", "DataTypesAndVariablesMoreExercises", "{F3DDDEDB-BEFC-405A-8995-9658149FC16C}"
EndProject
Project("{FAE04EC0-301F-11D3-BF4B-00C04F79EFBC}") = "TypeBoundaries", "TypeBoundaries\TypeBoundaries.csproj", "{377930D1-1422-4692-862E-C7F01833C4E4}"
EndProject
Project("{FAE04EC0-301F-11D3-BF4B-00C04F79EFBC}") = "NumberChecker", "NumberChecker\NumberChecker.csproj", "{D6EF0F66-F36B-412D-8878-8B403F649379}"
EndProject
Project("{FAE04EC0-301F-11D3-BF4B-00C04F79EFBC}") = "WaterOverflow", "WaterOverflow\WaterOverflow.csproj", "{D56060E8-B9CF-44BF-A599-D238DC3E717A}"
EndProject
Project("{FAE04EC0-301F-11D3-BF4B-00C04F79EFBC}") = "TouristInformation", "TouristInformation\TouristInformation.csproj", "{71BD7D18-393C-4CE1-8824-50C5B62EE69F}"
EndProject
Project("{FAE04EC0-301F-11D3-BF4B-00C04F79EFBC}") = "WeatherForecast", "WeatherForecast\WeatherForecast.csproj", "{B909AFD5-4767-4907-BD2C-C4E1D116A339}"
EndProject
Project("{FAE04EC0-301F-11D3-BF4B-00C04F79EFBC}") = "TheaThePhotographer", "TheaThePhotographer\TheaThePhotographer.csproj", "{E5C958C4-B1CF-49D1-8C7F-77E3DE1950C9}"
EndProject
Project("{FAE04EC0-301F-11D3-BF4B-00C04F79EFBC}") = "CatchTheThief", "CatchTheThief\CatchTheThief.csproj", "{DA659BFB-80CF-4EF0-A243-664AEC450B88}"
EndProject
Project("{FAE04EC0-301F-11D3-BF4B-00C04F79EFBC}") = "HouseBuilder", "HouseBuilder\HouseBuilder.csproj", "{8918F594-1F4D-4F21-AE88-9A71A576B8E7}"
EndProject
Project("{FAE04EC0-301F-11D3-BF4B-00C04F79EFBC}") = "MakeAWord", "MakeAWord\MakeAWord.csproj", "{750DA175-4D96-4588-935E-44A47CC14530}"
EndProject
Project("{FAE04EC0-301F-11D3-BF4B-00C04F79EFBC}") = "SumOfChars", "SumOfChars\SumOfChars.csproj", "{F61D2DEC-6AC0-4767-A361-54945374736C}"
EndProject
Project("{FAE04EC0-301F-11D3-BF4B-00C04F79EFBC}") = "StringConcatenation", "StringConcatenation\StringConcatenation.csproj", "{825133E3-A146-42EE-A162-16F2283C3083}"
EndProject
Project("{FAE04EC0-301F-11D3-BF4B-00C04F79EFBC}") = "Sentence the Thief", "Sentence the Thief\Sentence the Thief.csproj", "{20A23642-884D-40BC-A022-97A92BCFA494}"
EndProject
Project("{FAE04EC0-301F-11D3-BF4B-00C04F79EFBC}") = "DecryptingMessage", "DecryptingMessage\DecryptingMessage.csproj", "{FD9F709C-241F-4B95-82D8-76DCB0316FE0}"
EndProject
Project("{FAE04EC0-301F-11D3-BF4B-00C04F79EFBC}") = "BeerKegs", "BeerKegs\BeerKegs.csproj", "{6D620703-F623-4689-8F22-9C1E09F8BDA9}"
EndProject
Global
	GlobalSection(SolutionConfigurationPlatforms) = preSolution
		Debug|Any CPU = Debug|Any CPU
		Release|Any CPU = Release|Any CPU
	EndGlobalSection
	GlobalSection(ProjectConfigurationPlatforms) = postSolution
		{2ED590FF-56DF-48EB-B2BF-EBF3DDD68488}.Debug|Any CPU.ActiveCfg = Debug|Any CPU
		{2ED590FF-56DF-48EB-B2BF-EBF3DDD68488}.Debug|Any CPU.Build.0 = Debug|Any CPU
		{2ED590FF-56DF-48EB-B2BF-EBF3DDD68488}.Release|Any CPU.ActiveCfg = Release|Any CPU
		{2ED590FF-56DF-48EB-B2BF-EBF3DDD68488}.Release|Any CPU.Build.0 = Release|Any CPU
		{A8CAE417-783D-4424-A393-5FCB90FC2C0D}.Debug|Any CPU.ActiveCfg = Debug|Any CPU
		{A8CAE417-783D-4424-A393-5FCB90FC2C0D}.Debug|Any CPU.Build.0 = Debug|Any CPU
		{A8CAE417-783D-4424-A393-5FCB90FC2C0D}.Release|Any CPU.ActiveCfg = Release|Any CPU
		{A8CAE417-783D-4424-A393-5FCB90FC2C0D}.Release|Any CPU.Build.0 = Release|Any CPU
		{A423C876-B3DB-4F56-A58B-D5179CA284C1}.Debug|Any CPU.ActiveCfg = Debug|Any CPU
		{A423C876-B3DB-4F56-A58B-D5179CA284C1}.Debug|Any CPU.Build.0 = Debug|Any CPU
		{A423C876-B3DB-4F56-A58B-D5179CA284C1}.Release|Any CPU.ActiveCfg = Release|Any CPU
		{A423C876-B3DB-4F56-A58B-D5179CA284C1}.Release|Any CPU.Build.0 = Release|Any CPU
		{A4A9D371-2926-4E15-8420-CF3F093BC8D6}.Debug|Any CPU.ActiveCfg = Debug|Any CPU
		{A4A9D371-2926-4E15-8420-CF3F093BC8D6}.Debug|Any CPU.Build.0 = Debug|Any CPU
		{A4A9D371-2926-4E15-8420-CF3F093BC8D6}.Release|Any CPU.ActiveCfg = Release|Any CPU
		{A4A9D371-2926-4E15-8420-CF3F093BC8D6}.Release|Any CPU.Build.0 = Release|Any CPU
		{FB9CC25F-3F2D-430B-9939-FBA37333D3E1}.Debug|Any CPU.ActiveCfg = Debug|Any CPU
		{FB9CC25F-3F2D-430B-9939-FBA37333D3E1}.Debug|Any CPU.Build.0 = Debug|Any CPU
		{FB9CC25F-3F2D-430B-9939-FBA37333D3E1}.Release|Any CPU.ActiveCfg = Release|Any CPU
		{FB9CC25F-3F2D-430B-9939-FBA37333D3E1}.Release|Any CPU.Build.0 = Release|Any CPU
		{EA4E67F2-DB70-4162-A8D6-8F348A52DBC3}.Debug|Any CPU.ActiveCfg = Debug|Any CPU
		{EA4E67F2-DB70-4162-A8D6-8F348A52DBC3}.Debug|Any CPU.Build.0 = Debug|Any CPU
		{EA4E67F2-DB70-4162-A8D6-8F348A52DBC3}.Release|Any CPU.ActiveCfg = Release|Any CPU
		{EA4E67F2-DB70-4162-A8D6-8F348A52DBC3}.Release|Any CPU.Build.0 = Release|Any CPU
		{7C2F5018-4FA5-42A2-BC70-D8C875B75954}.Debug|Any CPU.ActiveCfg = Debug|Any CPU
		{7C2F5018-4FA5-42A2-BC70-D8C875B75954}.Debug|Any CPU.Build.0 = Debug|Any CPU
		{7C2F5018-4FA5-42A2-BC70-D8C875B75954}.Release|Any CPU.ActiveCfg = Release|Any CPU
		{7C2F5018-4FA5-42A2-BC70-D8C875B75954}.Release|Any CPU.Build.0 = Release|Any CPU
		{B685D4AB-8112-4BD8-8FF7-81258F3C294C}.Debug|Any CPU.ActiveCfg = Debug|Any CPU
		{B685D4AB-8112-4BD8-8FF7-81258F3C294C}.Debug|Any CPU.Build.0 = Debug|Any CPU
		{B685D4AB-8112-4BD8-8FF7-81258F3C294C}.Release|Any CPU.ActiveCfg = Release|Any CPU
		{B685D4AB-8112-4BD8-8FF7-81258F3C294C}.Release|Any CPU.Build.0 = Release|Any CPU
		{AF43910B-51A5-4060-97C0-ED39921D7B5C}.Debug|Any CPU.ActiveCfg = Debug|Any CPU
		{AF43910B-51A5-4060-97C0-ED39921D7B5C}.Debug|Any CPU.Build.0 = Debug|Any CPU
		{AF43910B-51A5-4060-97C0-ED39921D7B5C}.Release|Any CPU.ActiveCfg = Release|Any CPU
		{AF43910B-51A5-4060-97C0-ED39921D7B5C}.Release|Any CPU.Build.0 = Release|Any CPU
		{D403FBF9-A8DA-4FC1-9C5A-E968D37E9C34}.Debug|Any CPU.ActiveCfg = Debug|Any CPU
		{D403FBF9-A8DA-4FC1-9C5A-E968D37E9C34}.Debug|Any CPU.Build.0 = Debug|Any CPU
		{D403FBF9-A8DA-4FC1-9C5A-E968D37E9C34}.Release|Any CPU.ActiveCfg = Release|Any CPU
		{D403FBF9-A8DA-4FC1-9C5A-E968D37E9C34}.Release|Any CPU.Build.0 = Release|Any CPU
		{B1FF7B2A-8383-4C6D-8BD3-64E95E733586}.Debug|Any CPU.ActiveCfg = Debug|Any CPU
		{B1FF7B2A-8383-4C6D-8BD3-64E95E733586}.Debug|Any CPU.Build.0 = Debug|Any CPU
		{B1FF7B2A-8383-4C6D-8BD3-64E95E733586}.Release|Any CPU.ActiveCfg = Release|Any CPU
		{B1FF7B2A-8383-4C6D-8BD3-64E95E733586}.Release|Any CPU.Build.0 = Release|Any CPU
		{FF3A1372-6BEB-463E-9879-0EC8EB3B5A62}.Debug|Any CPU.ActiveCfg = Debug|Any CPU
		{FF3A1372-6BEB-463E-9879-0EC8EB3B5A62}.Debug|Any CPU.Build.0 = Debug|Any CPU
		{FF3A1372-6BEB-463E-9879-0EC8EB3B5A62}.Release|Any CPU.ActiveCfg = Release|Any CPU
		{FF3A1372-6BEB-463E-9879-0EC8EB3B5A62}.Release|Any CPU.Build.0 = Release|Any CPU
		{CD4C334A-65DB-4AA4-9C3D-81DAE2E54281}.Debug|Any CPU.ActiveCfg = Debug|Any CPU
		{CD4C334A-65DB-4AA4-9C3D-81DAE2E54281}.Debug|Any CPU.Build.0 = Debug|Any CPU
		{CD4C334A-65DB-4AA4-9C3D-81DAE2E54281}.Release|Any CPU.ActiveCfg = Release|Any CPU
		{CD4C334A-65DB-4AA4-9C3D-81DAE2E54281}.Release|Any CPU.Build.0 = Release|Any CPU
		{DE604A4E-44E8-4D44-9B64-A640E2AA3F85}.Debug|Any CPU.ActiveCfg = Debug|Any CPU
		{DE604A4E-44E8-4D44-9B64-A640E2AA3F85}.Debug|Any CPU.Build.0 = Debug|Any CPU
		{DE604A4E-44E8-4D44-9B64-A640E2AA3F85}.Release|Any CPU.ActiveCfg = Release|Any CPU
		{DE604A4E-44E8-4D44-9B64-A640E2AA3F85}.Release|Any CPU.Build.0 = Release|Any CPU
		{3A3A071B-C3ED-4814-8D5A-4E3E25212622}.Debug|Any CPU.ActiveCfg = Debug|Any CPU
		{3A3A071B-C3ED-4814-8D5A-4E3E25212622}.Debug|Any CPU.Build.0 = Debug|Any CPU
		{3A3A071B-C3ED-4814-8D5A-4E3E25212622}.Release|Any CPU.ActiveCfg = Release|Any CPU
		{3A3A071B-C3ED-4814-8D5A-4E3E25212622}.Release|Any CPU.Build.0 = Release|Any CPU
		{90ED0510-A1A7-4E2A-96DB-DC5406325D20}.Debug|Any CPU.ActiveCfg = Debug|Any CPU
		{90ED0510-A1A7-4E2A-96DB-DC5406325D20}.Debug|Any CPU.Build.0 = Debug|Any CPU
		{90ED0510-A1A7-4E2A-96DB-DC5406325D20}.Release|Any CPU.ActiveCfg = Release|Any CPU
		{90ED0510-A1A7-4E2A-96DB-DC5406325D20}.Release|Any CPU.Build.0 = Release|Any CPU
		{FE902D34-AF92-488A-AADD-D4A2A5B43FDD}.Debug|Any CPU.ActiveCfg = Debug|Any CPU
		{FE902D34-AF92-488A-AADD-D4A2A5B43FDD}.Debug|Any CPU.Build.0 = Debug|Any CPU
		{FE902D34-AF92-488A-AADD-D4A2A5B43FDD}.Release|Any CPU.ActiveCfg = Release|Any CPU
		{FE902D34-AF92-488A-AADD-D4A2A5B43FDD}.Release|Any CPU.Build.0 = Release|Any CPU
		{33F7900B-F3DB-4E2C-805E-DA099B41E40A}.Debug|Any CPU.ActiveCfg = Debug|Any CPU
		{33F7900B-F3DB-4E2C-805E-DA099B41E40A}.Debug|Any CPU.Build.0 = Debug|Any CPU
		{33F7900B-F3DB-4E2C-805E-DA099B41E40A}.Release|Any CPU.ActiveCfg = Release|Any CPU
		{33F7900B-F3DB-4E2C-805E-DA099B41E40A}.Release|Any CPU.Build.0 = Release|Any CPU
		{593AED62-3CCD-4CF3-87BB-4B4154F0C207}.Debug|Any CPU.ActiveCfg = Debug|Any CPU
		{593AED62-3CCD-4CF3-87BB-4B4154F0C207}.Debug|Any CPU.Build.0 = Debug|Any CPU
		{593AED62-3CCD-4CF3-87BB-4B4154F0C207}.Release|Any CPU.ActiveCfg = Release|Any CPU
		{593AED62-3CCD-4CF3-87BB-4B4154F0C207}.Release|Any CPU.Build.0 = Release|Any CPU
		{81660EF6-564F-40FC-AB5C-B0878822D6F8}.Debug|Any CPU.ActiveCfg = Debug|Any CPU
		{81660EF6-564F-40FC-AB5C-B0878822D6F8}.Debug|Any CPU.Build.0 = Debug|Any CPU
		{81660EF6-564F-40FC-AB5C-B0878822D6F8}.Release|Any CPU.ActiveCfg = Release|Any CPU
		{81660EF6-564F-40FC-AB5C-B0878822D6F8}.Release|Any CPU.Build.0 = Release|Any CPU
		{A14791D6-A0A6-46BA-9D64-E543BEF582D4}.Debug|Any CPU.ActiveCfg = Debug|Any CPU
		{A14791D6-A0A6-46BA-9D64-E543BEF582D4}.Debug|Any CPU.Build.0 = Debug|Any CPU
		{A14791D6-A0A6-46BA-9D64-E543BEF582D4}.Release|Any CPU.ActiveCfg = Release|Any CPU
		{A14791D6-A0A6-46BA-9D64-E543BEF582D4}.Release|Any CPU.Build.0 = Release|Any CPU
		{CA36E749-995C-4886-BF0A-EC20A3A1B689}.Debug|Any CPU.ActiveCfg = Debug|Any CPU
		{CA36E749-995C-4886-BF0A-EC20A3A1B689}.Debug|Any CPU.Build.0 = Debug|Any CPU
		{CA36E749-995C-4886-BF0A-EC20A3A1B689}.Release|Any CPU.ActiveCfg = Release|Any CPU
		{CA36E749-995C-4886-BF0A-EC20A3A1B689}.Release|Any CPU.Build.0 = Release|Any CPU
		{2AB911B9-C036-45B1-8FF3-69DC1A767C85}.Debug|Any CPU.ActiveCfg = Debug|Any CPU
		{2AB911B9-C036-45B1-8FF3-69DC1A767C85}.Debug|Any CPU.Build.0 = Debug|Any CPU
		{2AB911B9-C036-45B1-8FF3-69DC1A767C85}.Release|Any CPU.ActiveCfg = Release|Any CPU
		{2AB911B9-C036-45B1-8FF3-69DC1A767C85}.Release|Any CPU.Build.0 = Release|Any CPU
		{8E0F0E81-EB56-454A-89CC-042BDB98E908}.Debug|Any CPU.ActiveCfg = Debug|Any CPU
		{8E0F0E81-EB56-454A-89CC-042BDB98E908}.Debug|Any CPU.Build.0 = Debug|Any CPU
		{8E0F0E81-EB56-454A-89CC-042BDB98E908}.Release|Any CPU.ActiveCfg = Release|Any CPU
		{8E0F0E81-EB56-454A-89CC-042BDB98E908}.Release|Any CPU.Build.0 = Release|Any CPU
		{34E37017-3F29-4F21-B65A-EE121DDE88DE}.Debug|Any CPU.ActiveCfg = Debug|Any CPU
		{34E37017-3F29-4F21-B65A-EE121DDE88DE}.Debug|Any CPU.Build.0 = Debug|Any CPU
		{34E37017-3F29-4F21-B65A-EE121DDE88DE}.Release|Any CPU.ActiveCfg = Release|Any CPU
		{34E37017-3F29-4F21-B65A-EE121DDE88DE}.Release|Any CPU.Build.0 = Release|Any CPU
		{882DC8B7-3598-41D6-B534-B761BF1A43F0}.Debug|Any CPU.ActiveCfg = Debug|Any CPU
		{882DC8B7-3598-41D6-B534-B761BF1A43F0}.Debug|Any CPU.Build.0 = Debug|Any CPU
		{882DC8B7-3598-41D6-B534-B761BF1A43F0}.Release|Any CPU.ActiveCfg = Release|Any CPU
		{882DC8B7-3598-41D6-B534-B761BF1A43F0}.Release|Any CPU.Build.0 = Release|Any CPU
		{7F47B3CD-7FFE-4D5A-B7A8-CACC662B28E8}.Debug|Any CPU.ActiveCfg = Debug|Any CPU
		{7F47B3CD-7FFE-4D5A-B7A8-CACC662B28E8}.Debug|Any CPU.Build.0 = Debug|Any CPU
		{7F47B3CD-7FFE-4D5A-B7A8-CACC662B28E8}.Release|Any CPU.ActiveCfg = Release|Any CPU
		{7F47B3CD-7FFE-4D5A-B7A8-CACC662B28E8}.Release|Any CPU.Build.0 = Release|Any CPU
		{FF7878F9-CAA1-4FEA-AC88-D057FD9C1DD3}.Debug|Any CPU.ActiveCfg = Debug|Any CPU
		{FF7878F9-CAA1-4FEA-AC88-D057FD9C1DD3}.Debug|Any CPU.Build.0 = Debug|Any CPU
		{FF7878F9-CAA1-4FEA-AC88-D057FD9C1DD3}.Release|Any CPU.ActiveCfg = Release|Any CPU
		{FF7878F9-CAA1-4FEA-AC88-D057FD9C1DD3}.Release|Any CPU.Build.0 = Release|Any CPU
		{0DFE89D8-6455-456F-9587-DB47496A641C}.Debug|Any CPU.ActiveCfg = Debug|Any CPU
		{0DFE89D8-6455-456F-9587-DB47496A641C}.Debug|Any CPU.Build.0 = Debug|Any CPU
		{0DFE89D8-6455-456F-9587-DB47496A641C}.Release|Any CPU.ActiveCfg = Release|Any CPU
		{0DFE89D8-6455-456F-9587-DB47496A641C}.Release|Any CPU.Build.0 = Release|Any CPU
		{C3BC75C7-420B-43D1-A612-05114E38C9AA}.Debug|Any CPU.ActiveCfg = Debug|Any CPU
		{C3BC75C7-420B-43D1-A612-05114E38C9AA}.Debug|Any CPU.Build.0 = Debug|Any CPU
		{C3BC75C7-420B-43D1-A612-05114E38C9AA}.Release|Any CPU.ActiveCfg = Release|Any CPU
		{C3BC75C7-420B-43D1-A612-05114E38C9AA}.Release|Any CPU.Build.0 = Release|Any CPU
		{A602878B-F3F1-4635-A6E7-06F92F0E0E49}.Debug|Any CPU.ActiveCfg = Debug|Any CPU
		{A602878B-F3F1-4635-A6E7-06F92F0E0E49}.Debug|Any CPU.Build.0 = Debug|Any CPU
		{A602878B-F3F1-4635-A6E7-06F92F0E0E49}.Release|Any CPU.ActiveCfg = Release|Any CPU
		{A602878B-F3F1-4635-A6E7-06F92F0E0E49}.Release|Any CPU.Build.0 = Release|Any CPU
		{6EB1882A-2936-4ADA-9143-867FF4E083C7}.Debug|Any CPU.ActiveCfg = Debug|Any CPU
		{6EB1882A-2936-4ADA-9143-867FF4E083C7}.Debug|Any CPU.Build.0 = Debug|Any CPU
		{6EB1882A-2936-4ADA-9143-867FF4E083C7}.Release|Any CPU.ActiveCfg = Release|Any CPU
		{6EB1882A-2936-4ADA-9143-867FF4E083C7}.Release|Any CPU.Build.0 = Release|Any CPU
		{A5F05DDD-3DDE-44E4-A00B-CDFAEF32CA2A}.Debug|Any CPU.ActiveCfg = Debug|Any CPU
		{A5F05DDD-3DDE-44E4-A00B-CDFAEF32CA2A}.Debug|Any CPU.Build.0 = Debug|Any CPU
		{A5F05DDD-3DDE-44E4-A00B-CDFAEF32CA2A}.Release|Any CPU.ActiveCfg = Release|Any CPU
		{A5F05DDD-3DDE-44E4-A00B-CDFAEF32CA2A}.Release|Any CPU.Build.0 = Release|Any CPU
		{86B2C7A4-BCA8-4CB5-A51C-58B4C1B1B152}.Debug|Any CPU.ActiveCfg = Debug|Any CPU
		{86B2C7A4-BCA8-4CB5-A51C-58B4C1B1B152}.Debug|Any CPU.Build.0 = Debug|Any CPU
		{86B2C7A4-BCA8-4CB5-A51C-58B4C1B1B152}.Release|Any CPU.ActiveCfg = Release|Any CPU
		{86B2C7A4-BCA8-4CB5-A51C-58B4C1B1B152}.Release|Any CPU.Build.0 = Release|Any CPU
		{752D6869-BD1F-4DEC-B1FF-F382C2754210}.Debug|Any CPU.ActiveCfg = Debug|Any CPU
		{752D6869-BD1F-4DEC-B1FF-F382C2754210}.Debug|Any CPU.Build.0 = Debug|Any CPU
		{752D6869-BD1F-4DEC-B1FF-F382C2754210}.Release|Any CPU.ActiveCfg = Release|Any CPU
		{752D6869-BD1F-4DEC-B1FF-F382C2754210}.Release|Any CPU.Build.0 = Release|Any CPU
		{3E7E7B4A-DECF-44CD-867D-D1C38752473C}.Debug|Any CPU.ActiveCfg = Debug|Any CPU
		{3E7E7B4A-DECF-44CD-867D-D1C38752473C}.Debug|Any CPU.Build.0 = Debug|Any CPU
		{3E7E7B4A-DECF-44CD-867D-D1C38752473C}.Release|Any CPU.ActiveCfg = Release|Any CPU
		{3E7E7B4A-DECF-44CD-867D-D1C38752473C}.Release|Any CPU.Build.0 = Release|Any CPU
		{8C7669D9-BCF9-4B3B-AA2E-BCD028C79DF2}.Debug|Any CPU.ActiveCfg = Debug|Any CPU
		{8C7669D9-BCF9-4B3B-AA2E-BCD028C79DF2}.Debug|Any CPU.Build.0 = Debug|Any CPU
		{8C7669D9-BCF9-4B3B-AA2E-BCD028C79DF2}.Release|Any CPU.ActiveCfg = Release|Any CPU
		{8C7669D9-BCF9-4B3B-AA2E-BCD028C79DF2}.Release|Any CPU.Build.0 = Release|Any CPU
		{CACED8B6-49BF-4FA5-ACBA-A046BE63D381}.Debug|Any CPU.ActiveCfg = Debug|Any CPU
		{CACED8B6-49BF-4FA5-ACBA-A046BE63D381}.Debug|Any CPU.Build.0 = Debug|Any CPU
		{CACED8B6-49BF-4FA5-ACBA-A046BE63D381}.Release|Any CPU.ActiveCfg = Release|Any CPU
		{CACED8B6-49BF-4FA5-ACBA-A046BE63D381}.Release|Any CPU.Build.0 = Release|Any CPU
		{AC53A1E4-6EC4-498C-96B6-4E30E33CC66A}.Debug|Any CPU.ActiveCfg = Debug|Any CPU
		{AC53A1E4-6EC4-498C-96B6-4E30E33CC66A}.Debug|Any CPU.Build.0 = Debug|Any CPU
		{AC53A1E4-6EC4-498C-96B6-4E30E33CC66A}.Release|Any CPU.ActiveCfg = Release|Any CPU
		{AC53A1E4-6EC4-498C-96B6-4E30E33CC66A}.Release|Any CPU.Build.0 = Release|Any CPU
		{6F098C7B-3F07-4F9F-B6B5-555940462CCC}.Debug|Any CPU.ActiveCfg = Debug|Any CPU
		{6F098C7B-3F07-4F9F-B6B5-555940462CCC}.Debug|Any CPU.Build.0 = Debug|Any CPU
		{6F098C7B-3F07-4F9F-B6B5-555940462CCC}.Release|Any CPU.ActiveCfg = Release|Any CPU
		{6F098C7B-3F07-4F9F-B6B5-555940462CCC}.Release|Any CPU.Build.0 = Release|Any CPU
		{DFE599E0-F45C-4762-9ED8-FD2CD5767A1A}.Debug|Any CPU.ActiveCfg = Debug|Any CPU
		{DFE599E0-F45C-4762-9ED8-FD2CD5767A1A}.Debug|Any CPU.Build.0 = Debug|Any CPU
		{DFE599E0-F45C-4762-9ED8-FD2CD5767A1A}.Release|Any CPU.ActiveCfg = Release|Any CPU
		{DFE599E0-F45C-4762-9ED8-FD2CD5767A1A}.Release|Any CPU.Build.0 = Release|Any CPU
		{2B89BE74-C246-4217-B5C8-829487DA45FC}.Debug|Any CPU.ActiveCfg = Debug|Any CPU
		{2B89BE74-C246-4217-B5C8-829487DA45FC}.Debug|Any CPU.Build.0 = Debug|Any CPU
		{2B89BE74-C246-4217-B5C8-829487DA45FC}.Release|Any CPU.ActiveCfg = Release|Any CPU
		{2B89BE74-C246-4217-B5C8-829487DA45FC}.Release|Any CPU.Build.0 = Release|Any CPU
		{4A2E8D50-290E-4607-934D-95E08C1C3F89}.Debug|Any CPU.ActiveCfg = Debug|Any CPU
		{4A2E8D50-290E-4607-934D-95E08C1C3F89}.Debug|Any CPU.Build.0 = Debug|Any CPU
		{4A2E8D50-290E-4607-934D-95E08C1C3F89}.Release|Any CPU.ActiveCfg = Release|Any CPU
		{4A2E8D50-290E-4607-934D-95E08C1C3F89}.Release|Any CPU.Build.0 = Release|Any CPU
		{FC04BA58-6F2F-41F3-9776-C6851C607AE6}.Debug|Any CPU.ActiveCfg = Debug|Any CPU
		{FC04BA58-6F2F-41F3-9776-C6851C607AE6}.Debug|Any CPU.Build.0 = Debug|Any CPU
		{FC04BA58-6F2F-41F3-9776-C6851C607AE6}.Release|Any CPU.ActiveCfg = Release|Any CPU
		{FC04BA58-6F2F-41F3-9776-C6851C607AE6}.Release|Any CPU.Build.0 = Release|Any CPU
		{1A1B0162-042A-4F27-B018-32F77591700D}.Debug|Any CPU.ActiveCfg = Debug|Any CPU
		{1A1B0162-042A-4F27-B018-32F77591700D}.Debug|Any CPU.Build.0 = Debug|Any CPU
		{1A1B0162-042A-4F27-B018-32F77591700D}.Release|Any CPU.ActiveCfg = Release|Any CPU
		{1A1B0162-042A-4F27-B018-32F77591700D}.Release|Any CPU.Build.0 = Release|Any CPU
		{935E70D8-A112-4738-B8E6-56163EDDF70A}.Debug|Any CPU.ActiveCfg = Debug|Any CPU
		{935E70D8-A112-4738-B8E6-56163EDDF70A}.Debug|Any CPU.Build.0 = Debug|Any CPU
		{935E70D8-A112-4738-B8E6-56163EDDF70A}.Release|Any CPU.ActiveCfg = Release|Any CPU
		{935E70D8-A112-4738-B8E6-56163EDDF70A}.Release|Any CPU.Build.0 = Release|Any CPU
		{09BBCA94-6C70-4D9C-9585-65E59D3D9EE7}.Debug|Any CPU.ActiveCfg = Debug|Any CPU
		{09BBCA94-6C70-4D9C-9585-65E59D3D9EE7}.Debug|Any CPU.Build.0 = Debug|Any CPU
		{09BBCA94-6C70-4D9C-9585-65E59D3D9EE7}.Release|Any CPU.ActiveCfg = Release|Any CPU
		{09BBCA94-6C70-4D9C-9585-65E59D3D9EE7}.Release|Any CPU.Build.0 = Release|Any CPU
		{377930D1-1422-4692-862E-C7F01833C4E4}.Debug|Any CPU.ActiveCfg = Debug|Any CPU
		{377930D1-1422-4692-862E-C7F01833C4E4}.Debug|Any CPU.Build.0 = Debug|Any CPU
		{377930D1-1422-4692-862E-C7F01833C4E4}.Release|Any CPU.ActiveCfg = Release|Any CPU
		{377930D1-1422-4692-862E-C7F01833C4E4}.Release|Any CPU.Build.0 = Release|Any CPU
		{D6EF0F66-F36B-412D-8878-8B403F649379}.Debug|Any CPU.ActiveCfg = Debug|Any CPU
		{D6EF0F66-F36B-412D-8878-8B403F649379}.Debug|Any CPU.Build.0 = Debug|Any CPU
		{D6EF0F66-F36B-412D-8878-8B403F649379}.Release|Any CPU.ActiveCfg = Release|Any CPU
		{D6EF0F66-F36B-412D-8878-8B403F649379}.Release|Any CPU.Build.0 = Release|Any CPU
		{D56060E8-B9CF-44BF-A599-D238DC3E717A}.Debug|Any CPU.ActiveCfg = Debug|Any CPU
		{D56060E8-B9CF-44BF-A599-D238DC3E717A}.Debug|Any CPU.Build.0 = Debug|Any CPU
		{D56060E8-B9CF-44BF-A599-D238DC3E717A}.Release|Any CPU.ActiveCfg = Release|Any CPU
		{D56060E8-B9CF-44BF-A599-D238DC3E717A}.Release|Any CPU.Build.0 = Release|Any CPU
		{71BD7D18-393C-4CE1-8824-50C5B62EE69F}.Debug|Any CPU.ActiveCfg = Debug|Any CPU
		{71BD7D18-393C-4CE1-8824-50C5B62EE69F}.Debug|Any CPU.Build.0 = Debug|Any CPU
		{71BD7D18-393C-4CE1-8824-50C5B62EE69F}.Release|Any CPU.ActiveCfg = Release|Any CPU
		{71BD7D18-393C-4CE1-8824-50C5B62EE69F}.Release|Any CPU.Build.0 = Release|Any CPU
		{B909AFD5-4767-4907-BD2C-C4E1D116A339}.Debug|Any CPU.ActiveCfg = Debug|Any CPU
		{B909AFD5-4767-4907-BD2C-C4E1D116A339}.Debug|Any CPU.Build.0 = Debug|Any CPU
		{B909AFD5-4767-4907-BD2C-C4E1D116A339}.Release|Any CPU.ActiveCfg = Release|Any CPU
		{B909AFD5-4767-4907-BD2C-C4E1D116A339}.Release|Any CPU.Build.0 = Release|Any CPU
		{E5C958C4-B1CF-49D1-8C7F-77E3DE1950C9}.Debug|Any CPU.ActiveCfg = Debug|Any CPU
		{E5C958C4-B1CF-49D1-8C7F-77E3DE1950C9}.Debug|Any CPU.Build.0 = Debug|Any CPU
		{E5C958C4-B1CF-49D1-8C7F-77E3DE1950C9}.Release|Any CPU.ActiveCfg = Release|Any CPU
		{E5C958C4-B1CF-49D1-8C7F-77E3DE1950C9}.Release|Any CPU.Build.0 = Release|Any CPU
		{DA659BFB-80CF-4EF0-A243-664AEC450B88}.Debug|Any CPU.ActiveCfg = Debug|Any CPU
		{DA659BFB-80CF-4EF0-A243-664AEC450B88}.Debug|Any CPU.Build.0 = Debug|Any CPU
		{DA659BFB-80CF-4EF0-A243-664AEC450B88}.Release|Any CPU.ActiveCfg = Release|Any CPU
		{DA659BFB-80CF-4EF0-A243-664AEC450B88}.Release|Any CPU.Build.0 = Release|Any CPU
		{8918F594-1F4D-4F21-AE88-9A71A576B8E7}.Debug|Any CPU.ActiveCfg = Debug|Any CPU
		{8918F594-1F4D-4F21-AE88-9A71A576B8E7}.Debug|Any CPU.Build.0 = Debug|Any CPU
		{8918F594-1F4D-4F21-AE88-9A71A576B8E7}.Release|Any CPU.ActiveCfg = Release|Any CPU
		{8918F594-1F4D-4F21-AE88-9A71A576B8E7}.Release|Any CPU.Build.0 = Release|Any CPU
		{750DA175-4D96-4588-935E-44A47CC14530}.Debug|Any CPU.ActiveCfg = Debug|Any CPU
		{750DA175-4D96-4588-935E-44A47CC14530}.Debug|Any CPU.Build.0 = Debug|Any CPU
		{750DA175-4D96-4588-935E-44A47CC14530}.Release|Any CPU.ActiveCfg = Release|Any CPU
		{750DA175-4D96-4588-935E-44A47CC14530}.Release|Any CPU.Build.0 = Release|Any CPU
		{F61D2DEC-6AC0-4767-A361-54945374736C}.Debug|Any CPU.ActiveCfg = Debug|Any CPU
		{F61D2DEC-6AC0-4767-A361-54945374736C}.Debug|Any CPU.Build.0 = Debug|Any CPU
		{F61D2DEC-6AC0-4767-A361-54945374736C}.Release|Any CPU.ActiveCfg = Release|Any CPU
		{F61D2DEC-6AC0-4767-A361-54945374736C}.Release|Any CPU.Build.0 = Release|Any CPU
		{825133E3-A146-42EE-A162-16F2283C3083}.Debug|Any CPU.ActiveCfg = Debug|Any CPU
		{825133E3-A146-42EE-A162-16F2283C3083}.Debug|Any CPU.Build.0 = Debug|Any CPU
		{825133E3-A146-42EE-A162-16F2283C3083}.Release|Any CPU.ActiveCfg = Release|Any CPU
		{825133E3-A146-42EE-A162-16F2283C3083}.Release|Any CPU.Build.0 = Release|Any CPU
		{20A23642-884D-40BC-A022-97A92BCFA494}.Debug|Any CPU.ActiveCfg = Debug|Any CPU
		{20A23642-884D-40BC-A022-97A92BCFA494}.Debug|Any CPU.Build.0 = Debug|Any CPU
		{20A23642-884D-40BC-A022-97A92BCFA494}.Release|Any CPU.ActiveCfg = Release|Any CPU
		{20A23642-884D-40BC-A022-97A92BCFA494}.Release|Any CPU.Build.0 = Release|Any CPU
		{FD9F709C-241F-4B95-82D8-76DCB0316FE0}.Debug|Any CPU.ActiveCfg = Debug|Any CPU
		{FD9F709C-241F-4B95-82D8-76DCB0316FE0}.Debug|Any CPU.Build.0 = Debug|Any CPU
		{FD9F709C-241F-4B95-82D8-76DCB0316FE0}.Release|Any CPU.ActiveCfg = Release|Any CPU
		{FD9F709C-241F-4B95-82D8-76DCB0316FE0}.Release|Any CPU.Build.0 = Release|Any CPU
		{6D620703-F623-4689-8F22-9C1E09F8BDA9}.Debug|Any CPU.ActiveCfg = Debug|Any CPU
		{6D620703-F623-4689-8F22-9C1E09F8BDA9}.Debug|Any CPU.Build.0 = Debug|Any CPU
		{6D620703-F623-4689-8F22-9C1E09F8BDA9}.Release|Any CPU.ActiveCfg = Release|Any CPU
		{6D620703-F623-4689-8F22-9C1E09F8BDA9}.Release|Any CPU.Build.0 = Release|Any CPU
	EndGlobalSection
	GlobalSection(SolutionProperties) = preSolution
		HideSolutionNode = FALSE
	EndGlobalSection
	GlobalSection(NestedProjects) = preSolution
		{2ED590FF-56DF-48EB-B2BF-EBF3DDD68488} = {4D86BCDA-323D-4ABC-9AE8-7245F36682FF}
		{A8CAE417-783D-4424-A393-5FCB90FC2C0D} = {4D86BCDA-323D-4ABC-9AE8-7245F36682FF}
		{A423C876-B3DB-4F56-A58B-D5179CA284C1} = {4D86BCDA-323D-4ABC-9AE8-7245F36682FF}
		{A4A9D371-2926-4E15-8420-CF3F093BC8D6} = {4D86BCDA-323D-4ABC-9AE8-7245F36682FF}
		{FB9CC25F-3F2D-430B-9939-FBA37333D3E1} = {4D86BCDA-323D-4ABC-9AE8-7245F36682FF}
		{EA4E67F2-DB70-4162-A8D6-8F348A52DBC3} = {4D86BCDA-323D-4ABC-9AE8-7245F36682FF}
		{7C2F5018-4FA5-42A2-BC70-D8C875B75954} = {9D2471BC-865C-4338-802D-9179D0FAFACC}
		{B685D4AB-8112-4BD8-8FF7-81258F3C294C} = {9D2471BC-865C-4338-802D-9179D0FAFACC}
		{AF43910B-51A5-4060-97C0-ED39921D7B5C} = {9D2471BC-865C-4338-802D-9179D0FAFACC}
		{D403FBF9-A8DA-4FC1-9C5A-E968D37E9C34} = {9D2471BC-865C-4338-802D-9179D0FAFACC}
		{B1FF7B2A-8383-4C6D-8BD3-64E95E733586} = {9D2471BC-865C-4338-802D-9179D0FAFACC}
		{FF3A1372-6BEB-463E-9879-0EC8EB3B5A62} = {9D2471BC-865C-4338-802D-9179D0FAFACC}
		{CD4C334A-65DB-4AA4-9C3D-81DAE2E54281} = {9D2471BC-865C-4338-802D-9179D0FAFACC}
		{DE604A4E-44E8-4D44-9B64-A640E2AA3F85} = {9D2471BC-865C-4338-802D-9179D0FAFACC}
		{3A3A071B-C3ED-4814-8D5A-4E3E25212622} = {9D2471BC-865C-4338-802D-9179D0FAFACC}
		{90ED0510-A1A7-4E2A-96DB-DC5406325D20} = {9D2471BC-865C-4338-802D-9179D0FAFACC}
		{FE902D34-AF92-488A-AADD-D4A2A5B43FDD} = {9D2471BC-865C-4338-802D-9179D0FAFACC}
		{33F7900B-F3DB-4E2C-805E-DA099B41E40A} = {9D2471BC-865C-4338-802D-9179D0FAFACC}
		{593AED62-3CCD-4CF3-87BB-4B4154F0C207} = {9D2471BC-865C-4338-802D-9179D0FAFACC}
		{81660EF6-564F-40FC-AB5C-B0878822D6F8} = {9D2471BC-865C-4338-802D-9179D0FAFACC}
		{A14791D6-A0A6-46BA-9D64-E543BEF582D4} = {9D2471BC-865C-4338-802D-9179D0FAFACC}
		{CA36E749-995C-4886-BF0A-EC20A3A1B689} = {DC19FD66-21FB-4457-9B44-E87A7B765999}
		{2AB911B9-C036-45B1-8FF3-69DC1A767C85} = {DC19FD66-21FB-4457-9B44-E87A7B765999}
		{8E0F0E81-EB56-454A-89CC-042BDB98E908} = {DC19FD66-21FB-4457-9B44-E87A7B765999}
		{34E37017-3F29-4F21-B65A-EE121DDE88DE} = {DC19FD66-21FB-4457-9B44-E87A7B765999}
		{882DC8B7-3598-41D6-B534-B761BF1A43F0} = {DC19FD66-21FB-4457-9B44-E87A7B765999}
		{7F47B3CD-7FFE-4D5A-B7A8-CACC662B28E8} = {DC19FD66-21FB-4457-9B44-E87A7B765999}
		{FF7878F9-CAA1-4FEA-AC88-D057FD9C1DD3} = {DC19FD66-21FB-4457-9B44-E87A7B765999}
		{0DFE89D8-6455-456F-9587-DB47496A641C} = {DC19FD66-21FB-4457-9B44-E87A7B765999}
		{C3BC75C7-420B-43D1-A612-05114E38C9AA} = {2282494F-0EE5-4364-89F9-DF2825D197B9}
		{A602878B-F3F1-4635-A6E7-06F92F0E0E49} = {2282494F-0EE5-4364-89F9-DF2825D197B9}
		{6EB1882A-2936-4ADA-9143-867FF4E083C7} = {2282494F-0EE5-4364-89F9-DF2825D197B9}
		{A5F05DDD-3DDE-44E4-A00B-CDFAEF32CA2A} = {2282494F-0EE5-4364-89F9-DF2825D197B9}
		{86B2C7A4-BCA8-4CB5-A51C-58B4C1B1B152} = {2282494F-0EE5-4364-89F9-DF2825D197B9}
		{752D6869-BD1F-4DEC-B1FF-F382C2754210} = {2282494F-0EE5-4364-89F9-DF2825D197B9}
		{3E7E7B4A-DECF-44CD-867D-D1C38752473C} = {2282494F-0EE5-4364-89F9-DF2825D197B9}
		{8C7669D9-BCF9-4B3B-AA2E-BCD028C79DF2} = {2282494F-0EE5-4364-89F9-DF2825D197B9}
		{CACED8B6-49BF-4FA5-ACBA-A046BE63D381} = {2282494F-0EE5-4364-89F9-DF2825D197B9}
		{AC53A1E4-6EC4-498C-96B6-4E30E33CC66A} = {2282494F-0EE5-4364-89F9-DF2825D197B9}
		{6F098C7B-3F07-4F9F-B6B5-555940462CCC} = {2282494F-0EE5-4364-89F9-DF2825D197B9}
		{DFE599E0-F45C-4762-9ED8-FD2CD5767A1A} = {2282494F-0EE5-4364-89F9-DF2825D197B9}
		{2B89BE74-C246-4217-B5C8-829487DA45FC} = {2282494F-0EE5-4364-89F9-DF2825D197B9}
		{4A2E8D50-290E-4607-934D-95E08C1C3F89} = {2282494F-0EE5-4364-89F9-DF2825D197B9}
		{FC04BA58-6F2F-41F3-9776-C6851C607AE6} = {2282494F-0EE5-4364-89F9-DF2825D197B9}
		{1A1B0162-042A-4F27-B018-32F77591700D} = {2282494F-0EE5-4364-89F9-DF2825D197B9}
		{935E70D8-A112-4738-B8E6-56163EDDF70A} = {2282494F-0EE5-4364-89F9-DF2825D197B9}
		{09BBCA94-6C70-4D9C-9585-65E59D3D9EE7} = {2282494F-0EE5-4364-89F9-DF2825D197B9}
		{377930D1-1422-4692-862E-C7F01833C4E4} = {F3DDDEDB-BEFC-405A-8995-9658149FC16C}
		{D6EF0F66-F36B-412D-8878-8B403F649379} = {F3DDDEDB-BEFC-405A-8995-9658149FC16C}
		{D56060E8-B9CF-44BF-A599-D238DC3E717A} = {F3DDDEDB-BEFC-405A-8995-9658149FC16C}
		{71BD7D18-393C-4CE1-8824-50C5B62EE69F} = {F3DDDEDB-BEFC-405A-8995-9658149FC16C}
		{B909AFD5-4767-4907-BD2C-C4E1D116A339} = {F3DDDEDB-BEFC-405A-8995-9658149FC16C}
		{E5C958C4-B1CF-49D1-8C7F-77E3DE1950C9} = {2282494F-0EE5-4364-89F9-DF2825D197B9}
		{DA659BFB-80CF-4EF0-A243-664AEC450B88} = {F3DDDEDB-BEFC-405A-8995-9658149FC16C}
		{8918F594-1F4D-4F21-AE88-9A71A576B8E7} = {F3DDDEDB-BEFC-405A-8995-9658149FC16C}
		{750DA175-4D96-4588-935E-44A47CC14530} = {F3DDDEDB-BEFC-405A-8995-9658149FC16C}
		{F61D2DEC-6AC0-4767-A361-54945374736C} = {F3DDDEDB-BEFC-405A-8995-9658149FC16C}
		{825133E3-A146-42EE-A162-16F2283C3083} = {F3DDDEDB-BEFC-405A-8995-9658149FC16C}
		{20A23642-884D-40BC-A022-97A92BCFA494} = {F3DDDEDB-BEFC-405A-8995-9658149FC16C}
		{FD9F709C-241F-4B95-82D8-76DCB0316FE0} = {F3DDDEDB-BEFC-405A-8995-9658149FC16C}
		{6D620703-F623-4689-8F22-9C1E09F8BDA9} = {F3DDDEDB-BEFC-405A-8995-9658149FC16C}
	EndGlobalSection
EndGlobal
